<?xml version="1.0" encoding="utf-8"?>
<Project ToolsVersion="4.0" xmlns="http://schemas.microsoft.com/developer/msbuild/2003">
  <ItemGroup>
    <ClInclude Include="$(MSBuildThisFileDirectory)NSudoAPI.h" />
    <ClInclude Include="$(MSBuildThisFileDirectory)m2base.h" />
    <ClInclude Include="$(MSBuildThisFileDirectory)ThirdParty\json.hpp">
      <Filter>ThirdParty</Filter>
    </ClInclude>
    <ClInclude Include="$(MSBuildThisFileDirectory)NSudoVersion.h" />
    <ClInclude Include="$(MSBuildThisFileDirectory)CIBuild.h" />
    <ClInclude Include="$(MSBuildThisFileDirectory)M2Object.h" />
  </ItemGroup>
  <ItemGroup>
    <Filter Include="ThirdParty">
      <UniqueIdentifier>{fbdb5e99-1ac3-445a-8120-4ec9e83aad0f}</UniqueIdentifier>
    </Filter>
    <Filter Include="Resources">
      <UniqueIdentifier>{bae262bf-0cb3-4f13-abfc-287904e63e4e}</UniqueIdentifier>
    </Filter>
    <Filter Include="Resources\en">
      <UniqueIdentifier>{1d7fa200-3b0e-4141-ba3b-ac95092919d1}</UniqueIdentifier>
    </Filter>
    <Filter Include="Resources\zh-Hans">
      <UniqueIdentifier>{ae3b283b-e0be-4312-b09f-d0ce2a86ea49}</UniqueIdentifier>
    </Filter>
  </ItemGroup>
  <ItemGroup>
    <Text Include="$(MSBuildThisFileDirectory)Resources\en\Links.txt">
      <Filter>Resources\en</Filter>
    </Text>
    <Text Include="$(MSBuildThisFileDirectory)Resources\zh-Hans\CommandLineHelp.txt">
      <Filter>Resources\zh-Hans</Filter>
    </Text>
    <Text Include="$(MSBuildThisFileDirectory)Resources\zh-Hans\Links.txt">
      <Filter>Resources\zh-Hans</Filter>
    </Text>
    <Text Include="$(MSBuildThisFileDirectory)Resources\zh-Hans\Logo.txt">
      <Filter>Resources\zh-Hans</Filter>
    </Text>
    <Text Include="$(MSBuildThisFileDirectory)Resources\en\CommandLineHelp.txt">
      <Filter>Resources\en</Filter>
    </Text>
    <Text Include="$(MSBuildThisFileDirectory)Resources\en\Logo.txt">
      <Filter>Resources\en</Filter>
    </Text>
  </ItemGroup>
  <ItemGroup>
    <None Include="$(MSBuildThisFileDirectory)Resources\en\Translations.json">
      <Filter>Resources\en</Filter>
    </None>
    <None Include="$(MSBuildThisFileDirectory)Resources\zh-Hans\Translations.json">
      <Filter>Resources\zh-Hans</Filter>
    </None>
  </ItemGroup>
</Project>