<?xml version="1.0" encoding="utf-8"?>
<Project ToolsVersion="4.0" xmlns="http://schemas.microsoft.com/developer/msbuild/2003">
  <ItemGroup>
    <ClInclude Include="$(MSBuildThisFileDirectory)NSudoAPI.h" />
    <ClInclude Include="$(MSBuildThisFileDirectory)NSudoVersion.h" />
    <ClInclude Include="$(MSBuildThisFileDirectory)CIBuild.h" />
    <ClInclude Include="$(MSBuildThisFileDirectory)M2Object.h" />
    <ClInclude Include="$(MSBuildThisFileDirectory)M2MessageDialogResource.h">
      <Filter>M2MessageDialog</Filter>
    </ClInclude>
    <ClInclude Include="$(MSBuildThisFileDirectory)M2MessageDialog.h">
      <Filter>M2MessageDialog</Filter>
    </ClInclude>
    <ClInclude Include="$(MSBuildThisFileDirectory)NSudoContextMenuManagement.h">
      <Filter>NSudoContextMenuManagement</Filter>
    </ClInclude>
    <ClInclude Include="$(MSBuildThisFileDirectory)NSudoContextMenuManagementResource.h">
      <Filter>NSudoContextMenuManagement</Filter>
    </ClInclude>
    <ClInclude Include="$(MSBuildThisFileDirectory)M2ResourceManagement.h">
      <Filter>M2ResourceManagement</Filter>
    </ClInclude>
    <ClInclude Include="$(MSBuildThisFileDirectory)NSudoResourceManagement.h">
      <Filter>NSudoResourceManagement</Filter>
    </ClInclude>
    <ClInclude Include="$(MSBuildThisFileDirectory)NSudoResourceManagementResource.h">
      <Filter>NSudoResourceManagement</Filter>
    </ClInclude>
    <ClInclude Include="$(MSBuildThisFileDirectory)M2DPIScaling.h">
      <Filter>M2DPIScaling</Filter>
    </ClInclude>
    <ClInclude Include="$(MSBuildThisFileDirectory)M2BaseHelpers.h">
      <Filter>M2BaseHelpers</Filter>
    </ClInclude>
    <ClInclude Include="$(MSBuildThisFileDirectory)ThirdParty\rapidjson\allocators.h">
      <Filter>ThirdParty\rapidjson</Filter>
    </ClInclude>
    <ClInclude Include="$(MSBuildThisFileDirectory)ThirdParty\rapidjson\document.h">
      <Filter>ThirdParty\rapidjson</Filter>
    </ClInclude>
    <ClInclude Include="$(MSBuildThisFileDirectory)ThirdParty\rapidjson\encodedstream.h">
      <Filter>ThirdParty\rapidjson</Filter>
    </ClInclude>
    <ClInclude Include="$(MSBuildThisFileDirectory)ThirdParty\rapidjson\encodings.h">
      <Filter>ThirdParty\rapidjson</Filter>
    </ClInclude>
    <ClInclude Include="$(MSBuildThisFileDirectory)ThirdParty\rapidjson\filereadstream.h">
      <Filter>ThirdParty\rapidjson</Filter>
    </ClInclude>
    <ClInclude Include="$(MSBuildThisFileDirectory)ThirdParty\rapidjson\filewritestream.h">
      <Filter>ThirdParty\rapidjson</Filter>
    </ClInclude>
    <ClInclude Include="$(MSBuildThisFileDirectory)ThirdParty\rapidjson\fwd.h">
      <Filter>ThirdParty\rapidjson</Filter>
    </ClInclude>
    <ClInclude Include="$(MSBuildThisFileDirectory)ThirdParty\rapidjson\istreamwrapper.h">
      <Filter>ThirdParty\rapidjson</Filter>
    </ClInclude>
    <ClInclude Include="$(MSBuildThisFileDirectory)ThirdParty\rapidjson\memorybuffer.h">
      <Filter>ThirdParty\rapidjson</Filter>
    </ClInclude>
    <ClInclude Include="$(MSBuildThisFileDirectory)ThirdParty\rapidjson\memorystream.h">
      <Filter>ThirdParty\rapidjson</Filter>
    </ClInclude>
    <ClInclude Include="$(MSBuildThisFileDirectory)ThirdParty\rapidjson\ostreamwrapper.h">
      <Filter>ThirdParty\rapidjson</Filter>
    </ClInclude>
    <ClInclude Include="$(MSBuildThisFileDirectory)ThirdParty\rapidjson\pointer.h">
      <Filter>ThirdParty\rapidjson</Filter>
    </ClInclude>
    <ClInclude Include="$(MSBuildThisFileDirectory)ThirdParty\rapidjson\prettywriter.h">
      <Filter>ThirdParty\rapidjson</Filter>
    </ClInclude>
    <ClInclude Include="$(MSBuildThisFileDirectory)ThirdParty\rapidjson\rapidjson.h">
      <Filter>ThirdParty\rapidjson</Filter>
    </ClInclude>
    <ClInclude Include="$(MSBuildThisFileDirectory)ThirdParty\rapidjson\reader.h">
      <Filter>ThirdParty\rapidjson</Filter>
    </ClInclude>
    <ClInclude Include="$(MSBuildThisFileDirectory)ThirdParty\rapidjson\schema.h">
      <Filter>ThirdParty\rapidjson</Filter>
    </ClInclude>
    <ClInclude Include="$(MSBuildThisFileDirectory)ThirdParty\rapidjson\stream.h">
      <Filter>ThirdParty\rapidjson</Filter>
    </ClInclude>
    <ClInclude Include="$(MSBuildThisFileDirectory)ThirdParty\rapidjson\stringbuffer.h">
      <Filter>ThirdParty\rapidjson</Filter>
    </ClInclude>
    <ClInclude Include="$(MSBuildThisFileDirectory)ThirdParty\rapidjson\writer.h">
      <Filter>ThirdParty\rapidjson</Filter>
    </ClInclude>
    <ClInclude Include="$(MSBuildThisFileDirectory)ThirdParty\rapidjson\error\en.h">
      <Filter>ThirdParty\rapidjson\error</Filter>
    </ClInclude>
    <ClInclude Include="$(MSBuildThisFileDirectory)ThirdParty\rapidjson\error\error.h">
      <Filter>ThirdParty\rapidjson\error</Filter>
    </ClInclude>
    <ClInclude Include="$(MSBuildThisFileDirectory)ThirdParty\rapidjson\internal\biginteger.h">
      <Filter>ThirdParty\rapidjson\internal</Filter>
    </ClInclude>
    <ClInclude Include="$(MSBuildThisFileDirectory)ThirdParty\rapidjson\internal\diyfp.h">
      <Filter>ThirdParty\rapidjson\internal</Filter>
    </ClInclude>
    <ClInclude Include="$(MSBuildThisFileDirectory)ThirdParty\rapidjson\internal\dtoa.h">
      <Filter>ThirdParty\rapidjson\internal</Filter>
    </ClInclude>
    <ClInclude Include="$(MSBuildThisFileDirectory)ThirdParty\rapidjson\internal\ieee754.h">
      <Filter>ThirdParty\rapidjson\internal</Filter>
    </ClInclude>
    <ClInclude Include="$(MSBuildThisFileDirectory)ThirdParty\rapidjson\internal\itoa.h">
      <Filter>ThirdParty\rapidjson\internal</Filter>
    </ClInclude>
    <ClInclude Include="$(MSBuildThisFileDirectory)ThirdParty\rapidjson\internal\meta.h">
      <Filter>ThirdParty\rapidjson\internal</Filter>
    </ClInclude>
    <ClInclude Include="$(MSBuildThisFileDirectory)ThirdParty\rapidjson\internal\pow10.h">
      <Filter>ThirdParty\rapidjson\internal</Filter>
    </ClInclude>
    <ClInclude Include="$(MSBuildThisFileDirectory)ThirdParty\rapidjson\internal\regex.h">
      <Filter>ThirdParty\rapidjson\internal</Filter>
    </ClInclude>
    <ClInclude Include="$(MSBuildThisFileDirectory)ThirdParty\rapidjson\internal\stack.h">
      <Filter>ThirdParty\rapidjson\internal</Filter>
    </ClInclude>
    <ClInclude Include="$(MSBuildThisFileDirectory)ThirdParty\rapidjson\internal\strfunc.h">
      <Filter>ThirdParty\rapidjson\internal</Filter>
    </ClInclude>
    <ClInclude Include="$(MSBuildThisFileDirectory)ThirdParty\rapidjson\internal\strtod.h">
      <Filter>ThirdParty\rapidjson\internal</Filter>
    </ClInclude>
    <ClInclude Include="$(MSBuildThisFileDirectory)ThirdParty\rapidjson\internal\swap.h">
      <Filter>ThirdParty\rapidjson\internal</Filter>
    </ClInclude>
    <ClInclude Include="$(MSBuildThisFileDirectory)ThirdParty\rapidjson\msinttypes\inttypes.h">
      <Filter>ThirdParty\rapidjson\msinttypes</Filter>
    </ClInclude>
    <ClInclude Include="$(MSBuildThisFileDirectory)ThirdParty\rapidjson\msinttypes\stdint.h">
      <Filter>ThirdParty\rapidjson\msinttypes</Filter>
    </ClInclude>
  </ItemGroup>
  <ItemGroup>
    <Filter Include="ThirdParty">
      <UniqueIdentifier>{fbdb5e99-1ac3-445a-8120-4ec9e83aad0f}</UniqueIdentifier>
    </Filter>
    <Filter Include="Resources">
      <UniqueIdentifier>{bae262bf-0cb3-4f13-abfc-287904e63e4e}</UniqueIdentifier>
    </Filter>
    <Filter Include="Resources\en">
      <UniqueIdentifier>{1d7fa200-3b0e-4141-ba3b-ac95092919d1}</UniqueIdentifier>
    </Filter>
    <Filter Include="Resources\zh-Hans">
      <UniqueIdentifier>{ae3b283b-e0be-4312-b09f-d0ce2a86ea49}</UniqueIdentifier>
    </Filter>
    <Filter Include="M2MessageDialog">
      <UniqueIdentifier>{6cba4926-ea2d-4a3e-adb4-15806867e558}</UniqueIdentifier>
    </Filter>
    <Filter Include="NSudoContextMenuManagement">
      <UniqueIdentifier>{74d8a70a-1f1b-4140-8122-a34769c65859}</UniqueIdentifier>
    </Filter>
    <Filter Include="NSudoResourceManagement">
      <UniqueIdentifier>{3e2c11e5-16c3-44e3-ab04-eb3825858cd6}</UniqueIdentifier>
    </Filter>
    <Filter Include="M2ResourceManagement">
      <UniqueIdentifier>{aca5c70b-b051-43f2-b85c-6b6c4dae7bfc}</UniqueIdentifier>
    </Filter>
    <Filter Include="M2DPIScaling">
      <UniqueIdentifier>{2e85adb8-260c-4b7c-be9c-2345aaf564e2}</UniqueIdentifier>
    </Filter>
    <Filter Include="M2BaseHelpers">
      <UniqueIdentifier>{2ae3f5b8-ba55-4407-adf1-f004672b774d}</UniqueIdentifier>
    </Filter>
    <Filter Include="ThirdParty\rapidjson">
      <UniqueIdentifier>{3b3bd0b8-ffbb-4694-8df2-6a7c5a5979f2}</UniqueIdentifier>
    </Filter>
    <Filter Include="ThirdParty\rapidjson\error">
      <UniqueIdentifier>{8e2c6031-79b3-4d04-98eb-627c23a48943}</UniqueIdentifier>
    </Filter>
    <Filter Include="ThirdParty\rapidjson\internal">
      <UniqueIdentifier>{93740864-2862-4e43-bc23-18795852727d}</UniqueIdentifier>
    </Filter>
    <Filter Include="ThirdParty\rapidjson\msinttypes">
      <UniqueIdentifier>{dff8e358-5c37-43ea-9fdb-bc76ffb67b9b}</UniqueIdentifier>
    </Filter>
  </ItemGroup>
  <ItemGroup>
    <Text Include="$(MSBuildThisFileDirectory)Resources\en\Links.txt">
      <Filter>Resources\en</Filter>
    </Text>
    <Text Include="$(MSBuildThisFileDirectory)Resources\zh-Hans\CommandLineHelp.txt">
      <Filter>Resources\zh-Hans</Filter>
    </Text>
    <Text Include="$(MSBuildThisFileDirectory)Resources\zh-Hans\Links.txt">
      <Filter>Resources\zh-Hans</Filter>
    </Text>
    <Text Include="$(MSBuildThisFileDirectory)Resources\en\CommandLineHelp.txt">
      <Filter>Resources\en</Filter>
    </Text>
  </ItemGroup>
  <ItemGroup>
    <None Include="$(MSBuildThisFileDirectory)Resources\en\Translations.json">
      <Filter>Resources\en</Filter>
    </None>
    <None Include="$(MSBuildThisFileDirectory)Resources\zh-Hans\Translations.json">
      <Filter>Resources\zh-Hans</Filter>
    </None>
    <None Include="$(MSBuildThisFileDirectory)NSudoContextMenuManagement.json">
      <Filter>NSudoContextMenuManagement</Filter>
    </None>
  </ItemGroup>
  <ItemGroup>
    <ClCompile Include="$(MSBuildThisFileDirectory)M2MessageDialog.cpp">
      <Filter>M2MessageDialog</Filter>
    </ClCompile>
    <ClCompile Include="$(MSBuildThisFileDirectory)NSudoContextMenuManagement.cpp">
      <Filter>NSudoContextMenuManagement</Filter>
    </ClCompile>
    <ClCompile Include="$(MSBuildThisFileDirectory)M2ResourceManagement.cpp">
      <Filter>M2ResourceManagement</Filter>
    </ClCompile>
    <ClCompile Include="$(MSBuildThisFileDirectory)NSudoResourceManagement.cpp">
      <Filter>NSudoResourceManagement</Filter>
    </ClCompile>
    <ClCompile Include="$(MSBuildThisFileDirectory)M2DPIScaling.cpp">
      <Filter>M2DPIScaling</Filter>
    </ClCompile>
    <ClCompile Include="$(MSBuildThisFileDirectory)M2BaseHelpers.cpp">
      <Filter>M2BaseHelpers</Filter>
    </ClCompile>
  </ItemGroup>
  <ItemGroup>
    <ResourceCompile Include="$(MSBuildThisFileDirectory)M2MessageDialogResource.rc">
      <Filter>M2MessageDialog</Filter>
    </ResourceCompile>
    <ResourceCompile Include="$(MSBuildThisFileDirectory)NSudoContextMenuManagementResource.rc">
      <Filter>NSudoContextMenuManagement</Filter>
    </ResourceCompile>
    <ResourceCompile Include="$(MSBuildThisFileDirectory)NSudoResourceManagementResource.rc">
      <Filter>NSudoResourceManagement</Filter>
    </ResourceCompile>
  </ItemGroup>
</Project>