<?xml version="1.0" encoding="utf-8"?>
<Project ToolsVersion="4.0" xmlns="http://schemas.microsoft.com/developer/msbuild/2003">
  <ItemGroup>
    <ClInclude Include="$(MSBuildThisFileDirectory)NSudoAPI.h" />
    <ClInclude Include="$(MSBuildThisFileDirectory)m2base.h" />
    <ClInclude Include="$(MSBuildThisFileDirectory)ThirdParty\json.hpp">
      <Filter>ThirdParty</Filter>
    </ClInclude>
  </ItemGroup>
  <ItemGroup>
    <Filter Include="ThirdParty">
      <UniqueIdentifier>{fbdb5e99-1ac3-445a-8120-4ec9e83aad0f}</UniqueIdentifier>
    </Filter>
  </ItemGroup>
</Project>