<?xml version="1.0" encoding="utf-8"?>
<Project ToolsVersion="4.0" xmlns="http://schemas.microsoft.com/developer/msbuild/2003">
  <ItemGroup>
    <Filter Include="资源文件">
      <UniqueIdentifier>{67DA6AB6-F800-4c08-8B7A-83BB121AAD01}</UniqueIdentifier>
      <Extensions>rc;ico;cur;bmp;dlg;rc2;rct;bin;rgs;gif;jpg;jpeg;jpe;resx;tiff;tif;png;wav;mfcribbon-ms</Extensions>
    </Filter>
    <Filter Include="Resources">
      <UniqueIdentifier>{81593d0a-42a7-416c-973a-51197fe4964b}</UniqueIdentifier>
    </Filter>
    <Filter Include="Resources\en">
      <UniqueIdentifier>{fe1cd679-7ac6-4f17-87b6-716a8c0a26ba}</UniqueIdentifier>
    </Filter>
    <Filter Include="Resources\zh-Hans">
      <UniqueIdentifier>{45810c56-ef87-461b-90d7-41ea716bd02f}</UniqueIdentifier>
    </Filter>
  </ItemGroup>
  <ItemGroup>
    <ClInclude Include="resource.h" />
    <ClInclude Include="stdafx.h" />
    <ClInclude Include="targetver.h" />
  </ItemGroup>
  <ItemGroup>
    <ClCompile Include="NSudo.cpp" />
    <ClCompile Include="stdafx.cpp" />
  </ItemGroup>
  <ItemGroup>
    <ResourceCompile Include="NSudo.rc">
      <Filter>资源文件</Filter>
    </ResourceCompile>
    <ResourceCompile Include="Version.rc">
      <Filter>资源文件</Filter>
    </ResourceCompile>
  </ItemGroup>
  <ItemGroup>
    <None Include="Resources\en\Translations.json">
      <Filter>Resources\en</Filter>
    </None>
    <None Include="Resources\zh-Hans\Translations.json">
      <Filter>Resources\zh-Hans</Filter>
    </None>
    <None Include="Resources\NSudoContextMenuManagement.json">
      <Filter>Resources</Filter>
    </None>
    <None Include="Resources\NSudo.xcf">
      <Filter>Resources</Filter>
    </None>
    <None Include="Resources\NSudo.json">
      <Filter>Resources</Filter>
    </None>
  </ItemGroup>
  <ItemGroup>
    <Manifest Include="Resources\NSudoConsole.manifest">
      <Filter>Resources</Filter>
    </Manifest>
    <Manifest Include="Resources\NSudoWindows.manifest">
      <Filter>Resources</Filter>
    </Manifest>
  </ItemGroup>
  <ItemGroup>
    <Text Include="Resources\en\CommandLineHelp.txt">
      <Filter>Resources\en</Filter>
    </Text>
    <Text Include="Resources\en\Links.txt">
      <Filter>Resources\en</Filter>
    </Text>
    <Text Include="Resources\zh-Hans\CommandLineHelp.txt">
      <Filter>Resources\zh-Hans</Filter>
    </Text>
    <Text Include="Resources\zh-Hans\Links.txt">
      <Filter>Resources\zh-Hans</Filter>
    </Text>
  </ItemGroup>
</Project>