<?xml version="1.0" encoding="utf-8"?>
<Project ToolsVersion="4.0" xmlns="http://schemas.microsoft.com/developer/msbuild/2003">
  <ItemGroup>
    <Filter Include="Resources">
      <UniqueIdentifier>{81593d0a-42a7-416c-973a-51197fe4964b}</UniqueIdentifier>
    </Filter>
    <Filter Include="Resources\en">
      <UniqueIdentifier>{fe1cd679-7ac6-4f17-87b6-716a8c0a26ba}</UniqueIdentifier>
    </Filter>
    <Filter Include="Resources\zh-Hans">
      <UniqueIdentifier>{45810c56-ef87-461b-90d7-41ea716bd02f}</UniqueIdentifier>
    </Filter>
    <Filter Include="Resources\fr">
      <UniqueIdentifier>{ed5897a1-70ee-4a1b-b3b8-50e5bde92645}</UniqueIdentifier>
    </Filter>
    <Filter Include="Resources\zh-Hant">
      <UniqueIdentifier>{c2cb0683-a576-4ca3-9e96-468cdb2dcf2d}</UniqueIdentifier>
    </Filter>
    <Filter Include="Resources\it">
      <UniqueIdentifier>{89725381-74d1-4bfc-88d1-17c573878803}</UniqueIdentifier>
    </Filter>
    <Filter Include="M2Win32GUIHelpers">
      <UniqueIdentifier>{8922a117-fe10-4d1b-b38d-4d6e465d5758}</UniqueIdentifier>
    </Filter>
    <Filter Include="M2WindowsHelpers">
      <UniqueIdentifier>{a323b30b-30bf-4e37-a088-8fcb9ab27a39}</UniqueIdentifier>
    </Filter>
    <Filter Include="JSON for Modern C++">
      <UniqueIdentifier>{db367649-36cb-47b9-9bfd-caf9aa30b731}</UniqueIdentifier>
    </Filter>
    <Filter Include="MINT">
      <UniqueIdentifier>{9278910f-7a78-4b89-8fd9-20c611a32876}</UniqueIdentifier>
    </Filter>
    <Filter Include="M2.NSudo">
      <UniqueIdentifier>{14ce02b3-ae46-4757-9dd3-4a6d3b68782a}</UniqueIdentifier>
    </Filter>
  </ItemGroup>
  <ItemGroup>
    <ClInclude Include="Resources\resource.h">
      <Filter>Resources</Filter>
    </ClInclude>
    <ClInclude Include="CIBuild.h" />
    <ClInclude Include="NSudoVersion.h" />
    <ClInclude Include="M2MessageDialogResource.h">
      <Filter>M2Win32GUIHelpers</Filter>
    </ClInclude>
    <ClInclude Include="M2Win32GUIHelpers.h">
      <Filter>M2Win32GUIHelpers</Filter>
    </ClInclude>
    <ClInclude Include="M2WindowsHelpers.h">
      <Filter>M2WindowsHelpers</Filter>
    </ClInclude>
    <ClInclude Include="M2WindowsDownlevelHelpers.h">
      <Filter>M2WindowsHelpers</Filter>
    </ClInclude>
    <ClInclude Include="json.hpp">
      <Filter>JSON for Modern C++</Filter>
    </ClInclude>
    <ClInclude Include="MINT.h">
      <Filter>MINT</Filter>
    </ClInclude>
    <ClInclude Include="M2.NSudo.h">
      <Filter>M2.NSudo</Filter>
    </ClInclude>
  </ItemGroup>
  <ItemGroup>
    <ClCompile Include="NSudo.cpp" />
    <ClCompile Include="M2Win32GUIHelpers.cpp">
      <Filter>M2Win32GUIHelpers</Filter>
    </ClCompile>
    <ClCompile Include="M2WindowsHelpers.cpp">
      <Filter>M2WindowsHelpers</Filter>
    </ClCompile>
    <ClCompile Include="M2WindowsDownlevelHelpers.cpp">
      <Filter>M2WindowsHelpers</Filter>
    </ClCompile>
    <ClCompile Include="M2.NSudo.cpp">
      <Filter>M2.NSudo</Filter>
    </ClCompile>
  </ItemGroup>
  <ItemGroup>
    <ResourceCompile Include="Resources\Version.rc">
      <Filter>Resources</Filter>
    </ResourceCompile>
    <ResourceCompile Include="Resources\NSudo.rc">
      <Filter>Resources</Filter>
    </ResourceCompile>
    <ResourceCompile Include="Resources\Manifest.rc">
      <Filter>Resources</Filter>
    </ResourceCompile>
    <ResourceCompile Include="M2MessageDialogResource.rc">
      <Filter>M2Win32GUIHelpers</Filter>
    </ResourceCompile>
  </ItemGroup>
  <ItemGroup>
    <None Include="Resources\en\Translations.json">
      <Filter>Resources\en</Filter>
    </None>
    <None Include="Resources\zh-Hans\Translations.json">
      <Filter>Resources\zh-Hans</Filter>
    </None>
    <None Include="Resources\NSudoContextMenuManagement.json">
      <Filter>Resources</Filter>
    </None>
    <None Include="Resources\NSudo.xcf">
      <Filter>Resources</Filter>
    </None>
    <None Include="Resources\NSudo.json">
      <Filter>Resources</Filter>
    </None>
    <None Include="Resources\fr\Translations.json">
      <Filter>Resources\fr</Filter>
    </None>
    <None Include="Resources\zh-Hant\Translations.json">
      <Filter>Resources\zh-Hant</Filter>
    </None>
    <None Include="Resources\it\Translations.json">
      <Filter>Resources\it</Filter>
    </None>
  </ItemGroup>
  <ItemGroup>
    <Manifest Include="Resources\NSudoConsole.manifest">
      <Filter>Resources</Filter>
    </Manifest>
    <Manifest Include="Resources\NSudoWindows.manifest">
      <Filter>Resources</Filter>
    </Manifest>
  </ItemGroup>
  <ItemGroup>
    <Text Include="Resources\en\CommandLineHelp.txt">
      <Filter>Resources\en</Filter>
    </Text>
    <Text Include="Resources\en\Links.txt">
      <Filter>Resources\en</Filter>
    </Text>
    <Text Include="Resources\zh-Hans\CommandLineHelp.txt">
      <Filter>Resources\zh-Hans</Filter>
    </Text>
    <Text Include="Resources\zh-Hans\Links.txt">
      <Filter>Resources\zh-Hans</Filter>
    </Text>
    <Text Include="Resources\fr\CommandLineHelp.txt">
      <Filter>Resources\fr</Filter>
    </Text>
    <Text Include="Resources\fr\Links.txt">
      <Filter>Resources\fr</Filter>
    </Text>
    <Text Include="Resources\zh-Hant\CommandLineHelp.txt">
      <Filter>Resources\zh-Hant</Filter>
    </Text>
    <Text Include="Resources\zh-Hant\Links.txt">
      <Filter>Resources\zh-Hant</Filter>
    </Text>
    <Text Include="Resources\it\CommandLineHelp.txt">
      <Filter>Resources\it</Filter>
    </Text>
    <Text Include="Resources\it\Links.txt">
      <Filter>Resources\it</Filter>
    </Text>
  </ItemGroup>
  <ItemGroup>
    <Image Include="Resources\NSudo.ico">
      <Filter>Resources</Filter>
    </Image>
  </ItemGroup>
</Project>