
Microsoft Visual Studio Solution File, Format Version 12.00
# Visual Studio 15
VisualStudioVersion = 15.0.27130.2020
MinimumVisualStudioVersion = 10.0.40219.1
Project("{8BC9CEB8-8B4A-11D0-8D11-00A0C91BC942}") = "NSudo", "NSudo\NSudo.vcxproj", "{DBC9A9EE-78AE-4260-80E8-67D4D04A92C8}"
EndProject
Project("{2150E333-8FDC-42A3-9474-1A3956D46DE8}") = "Documents", "Documents", "{C3C42858-2A8F-492A-9B80-B11907E0C95D}"
	ProjectSection(SolutionItems) = preProject
		.editorconfig = .editorconfig
		.gitignore = .gitignore
		.gitmodules = .gitmodules
		appveyor.yml = appveyor.yml
		Changelog.md = Changelog.md
		CODE_OF_CONDUCT.md = CODE_OF_CONDUCT.md
		CONTRIBUTING.md = CONTRIBUTING.md
		LICENSE = LICENSE
		Logo.png = Logo.png
		People.md = People.md
		Readme.md = Readme.md
		Screenshot.png = Screenshot.png
		屏幕截图.png = 屏幕截图.png
		更新日志.md = 更新日志.md
		自述.md = 自述.md
		螢幕擷取畫面.png = 螢幕擷取畫面.png
		說明.md = 說明.md
		變更紀錄.md = 變更紀錄.md
	EndProjectSection
EndProject
Project("{8BC9CEB8-8B4A-11D0-8D11-00A0C91BC942}") = "NSudoSDK", "NSudoSDK\NSudoSDK.vcxitems", "{864F35B9-789C-4DA9-8906-649DFE3705F7}"
EndProject
Project("{2150E333-8FDC-42A3-9474-1A3956D46DE8}") = "MSBuild", "MSBuild", "{89E797B1-E412-492F-BD8C-247E53CA85CB}"
	ProjectSection(SolutionItems) = preProject
		MSBuild\AllTargets.Common.props = MSBuild\AllTargets.Common.props
		MSBuild\AllTargets.Debug.props = MSBuild\AllTargets.Debug.props
		MSBuild\AllTargets.Release.props = MSBuild\AllTargets.Release.props
		MSBuild\AllTargets.VC-LTL.props = MSBuild\AllTargets.VC-LTL.props
		MSBuild\NSudoC.props = MSBuild\NSudoC.props
		MSBuild\NSudoG.props = MSBuild\NSudoG.props
	EndProjectSection
EndProject
Project("{2150E333-8FDC-42A3-9474-1A3956D46DE8}") = "Scripts", "Scripts", "{D3AE8453-0175-4B40-985A-ABDD4B35D985}"
	ProjectSection(SolutionItems) = preProject
		Scripts\NSudo.bat = Scripts\NSudo.bat
	EndProjectSection
EndProject
Global
	GlobalSection(SharedMSBuildProjectFiles) = preSolution
		NSudoSDK\NSudoSDK.vcxitems*{864f35b9-789c-4da9-8906-649dfe3705f7}*SharedItemsImports = 9
		NSudoSDK\NSudoSDK.vcxitems*{dbc9a9ee-78ae-4260-80e8-67d4d04a92c8}*SharedItemsImports = 4
	EndGlobalSection
	GlobalSection(SolutionConfigurationPlatforms) = preSolution
		Debug - CUI|ARM = Debug - CUI|ARM
		Debug - CUI|ARM64 = Debug - CUI|ARM64
		Debug - CUI|x64 = Debug - CUI|x64
		Debug - CUI|x86 = Debug - CUI|x86
		Debug - GUI|ARM = Debug - GUI|ARM
		Debug - GUI|ARM64 = Debug - GUI|ARM64
		Debug - GUI|x64 = Debug - GUI|x64
		Debug - GUI|x86 = Debug - GUI|x86
		Release - CUI|ARM = Release - CUI|ARM
		Release - CUI|ARM64 = Release - CUI|ARM64
		Release - CUI|x64 = Release - CUI|x64
		Release - CUI|x86 = Release - CUI|x86
		Release - GUI|ARM = Release - GUI|ARM
		Release - GUI|ARM64 = Release - GUI|ARM64
		Release - GUI|x64 = Release - GUI|x64
		Release - GUI|x86 = Release - GUI|x86
	EndGlobalSection
	GlobalSection(ProjectConfigurationPlatforms) = postSolution
		{DBC9A9EE-78AE-4260-80E8-67D4D04A92C8}.Debug - CUI|ARM.ActiveCfg = Debug - CUI|ARM
		{DBC9A9EE-78AE-4260-80E8-67D4D04A92C8}.Debug - CUI|ARM.Build.0 = Debug - CUI|ARM
		{DBC9A9EE-78AE-4260-80E8-67D4D04A92C8}.Debug - CUI|ARM64.ActiveCfg = Debug - CUI|ARM64
		{DBC9A9EE-78AE-4260-80E8-67D4D04A92C8}.Debug - CUI|ARM64.Build.0 = Debug - CUI|ARM64
		{DBC9A9EE-78AE-4260-80E8-67D4D04A92C8}.Debug - CUI|x64.ActiveCfg = Debug - CUI|x64
		{DBC9A9EE-78AE-4260-80E8-67D4D04A92C8}.Debug - CUI|x64.Build.0 = Debug - CUI|x64
		{DBC9A9EE-78AE-4260-80E8-67D4D04A92C8}.Debug - CUI|x86.ActiveCfg = Debug - CUI|Win32
		{DBC9A9EE-78AE-4260-80E8-67D4D04A92C8}.Debug - CUI|x86.Build.0 = Debug - CUI|Win32
		{DBC9A9EE-78AE-4260-80E8-67D4D04A92C8}.Debug - GUI|ARM.ActiveCfg = Debug - GUI|ARM
		{DBC9A9EE-78AE-4260-80E8-67D4D04A92C8}.Debug - GUI|ARM.Build.0 = Debug - GUI|ARM
		{DBC9A9EE-78AE-4260-80E8-67D4D04A92C8}.Debug - GUI|ARM64.ActiveCfg = Debug - GUI|ARM64
		{DBC9A9EE-78AE-4260-80E8-67D4D04A92C8}.Debug - GUI|ARM64.Build.0 = Debug - GUI|ARM64
		{DBC9A9EE-78AE-4260-80E8-67D4D04A92C8}.Debug - GUI|x64.ActiveCfg = Debug - GUI|x64
		{DBC9A9EE-78AE-4260-80E8-67D4D04A92C8}.Debug - GUI|x64.Build.0 = Debug - GUI|x64
		{DBC9A9EE-78AE-4260-80E8-67D4D04A92C8}.Debug - GUI|x86.ActiveCfg = Debug - GUI|Win32
		{DBC9A9EE-78AE-4260-80E8-67D4D04A92C8}.Debug - GUI|x86.Build.0 = Debug - GUI|Win32
		{DBC9A9EE-78AE-4260-80E8-67D4D04A92C8}.Release - CUI|ARM.ActiveCfg = Release - CUI|ARM
		{DBC9A9EE-78AE-4260-80E8-67D4D04A92C8}.Release - CUI|ARM.Build.0 = Release - CUI|ARM
		{DBC9A9EE-78AE-4260-80E8-67D4D04A92C8}.Release - CUI|ARM64.ActiveCfg = Release - CUI|ARM64
		{DBC9A9EE-78AE-4260-80E8-67D4D04A92C8}.Release - CUI|ARM64.Build.0 = Release - CUI|ARM64
		{DBC9A9EE-78AE-4260-80E8-67D4D04A92C8}.Release - CUI|x64.ActiveCfg = Release - CUI|x64
		{DBC9A9EE-78AE-4260-80E8-67D4D04A92C8}.Release - CUI|x64.Build.0 = Release - CUI|x64
		{DBC9A9EE-78AE-4260-80E8-67D4D04A92C8}.Release - CUI|x86.ActiveCfg = Release - CUI|Win32
		{DBC9A9EE-78AE-4260-80E8-67D4D04A92C8}.Release - CUI|x86.Build.0 = Release - CUI|Win32
		{DBC9A9EE-78AE-4260-80E8-67D4D04A92C8}.Release - GUI|ARM.ActiveCfg = Release - GUI|ARM
		{DBC9A9EE-78AE-4260-80E8-67D4D04A92C8}.Release - GUI|ARM.Build.0 = Release - GUI|ARM
		{DBC9A9EE-78AE-4260-80E8-67D4D04A92C8}.Release - GUI|ARM64.ActiveCfg = Release - GUI|ARM64
		{DBC9A9EE-78AE-4260-80E8-67D4D04A92C8}.Release - GUI|ARM64.Build.0 = Release - GUI|ARM64
		{DBC9A9EE-78AE-4260-80E8-67D4D04A92C8}.Release - GUI|x64.ActiveCfg = Release - GUI|x64
		{DBC9A9EE-78AE-4260-80E8-67D4D04A92C8}.Release - GUI|x64.Build.0 = Release - GUI|x64
		{DBC9A9EE-78AE-4260-80E8-67D4D04A92C8}.Release - GUI|x86.ActiveCfg = Release - GUI|Win32
		{DBC9A9EE-78AE-4260-80E8-67D4D04A92C8}.Release - GUI|x86.Build.0 = Release - GUI|Win32
	EndGlobalSection
	GlobalSection(SolutionProperties) = preSolution
		HideSolutionNode = FALSE
	EndGlobalSection
	GlobalSection(ExtensibilityGlobals) = postSolution
		SolutionGuid = {07B0657A-5FA8-44A3-9E5B-2FB4FC7A26CD}
	EndGlobalSection
EndGlobal
