
Microsoft Visual Studio Solution File, Format Version 12.00
# Visual Studio 15
VisualStudioVersion = 15.0.27130.2020
MinimumVisualStudioVersion = 10.0.40219.1
Project("{8BC9CEB8-8B4A-11D0-8D11-00A0C91BC942}") = "NSudo", "NSudo\NSudo.vcxproj", "{DBC9A9EE-78AE-4260-80E8-67D4D04A92C8}"
EndProject
Project("{2150E333-8FDC-42A3-9474-1A3956D46DE8}") = "Documents", "Documents", "{C3C42858-2A8F-492A-9B80-B11907E0C95D}"
	ProjectSection(SolutionItems) = preProject
		.gitignore = .gitignore
		.gitmodules = .gitmodules
		appveyor.yml = appveyor.yml
		Changelog.md = Changelog.md
		LICENSE = LICENSE
		People.md = People.md
		Readme.md = Readme.md
		VC-LTL_EnableSupport.props = VC-LTL_EnableSupport.props
		更新日志.md = 更新日志.md
		自述.md = 自述.md
	EndProjectSection
EndProject
Project("{8BC9CEB8-8B4A-11D0-8D11-00A0C91BC942}") = "NSudoSDK", "NSudoSDK\NSudoSDK.vcxitems", "{864F35B9-789C-4DA9-8906-649DFE3705F7}"
EndProject
Global
	GlobalSection(SharedMSBuildProjectFiles) = preSolution
		NSudoSDK\NSudoSDK.vcxitems*{864f35b9-789c-4da9-8906-649dfe3705f7}*SharedItemsImports = 9
		NSudoSDK\NSudoSDK.vcxitems*{dbc9a9ee-78ae-4260-80e8-67d4d04a92c8}*SharedItemsImports = 4
	EndGlobalSection
	GlobalSection(SolutionConfigurationPlatforms) = preSolution
		Debug - NSudo CUI - Subsystem Console|ARM = Debug - NSudo CUI - Subsystem Console|ARM
		Debug - NSudo CUI - Subsystem Console|ARM64 = Debug - NSudo CUI - Subsystem Console|ARM64
		Debug - NSudo CUI - Subsystem Console|x64 = Debug - NSudo CUI - Subsystem Console|x64
		Debug - NSudo CUI - Subsystem Console|x86 = Debug - NSudo CUI - Subsystem Console|x86
		Debug - NSudo CUI - Subsystem Windows|ARM = Debug - NSudo CUI - Subsystem Windows|ARM
		Debug - NSudo CUI - Subsystem Windows|ARM64 = Debug - NSudo CUI - Subsystem Windows|ARM64
		Debug - NSudo CUI - Subsystem Windows|x64 = Debug - NSudo CUI - Subsystem Windows|x64
		Debug - NSudo CUI - Subsystem Windows|x86 = Debug - NSudo CUI - Subsystem Windows|x86
		Debug - NSudo GUI - Subsystem Windows|ARM = Debug - NSudo GUI - Subsystem Windows|ARM
		Debug - NSudo GUI - Subsystem Windows|ARM64 = Debug - NSudo GUI - Subsystem Windows|ARM64
		Debug - NSudo GUI - Subsystem Windows|x64 = Debug - NSudo GUI - Subsystem Windows|x64
		Debug - NSudo GUI - Subsystem Windows|x86 = Debug - NSudo GUI - Subsystem Windows|x86
		Release - NSudo CUI - Subsystem Console|ARM = Release - NSudo CUI - Subsystem Console|ARM
		Release - NSudo CUI - Subsystem Console|ARM64 = Release - NSudo CUI - Subsystem Console|ARM64
		Release - NSudo CUI - Subsystem Console|x64 = Release - NSudo CUI - Subsystem Console|x64
		Release - NSudo CUI - Subsystem Console|x86 = Release - NSudo CUI - Subsystem Console|x86
		Release - NSudo CUI - Subsystem Windows|ARM = Release - NSudo CUI - Subsystem Windows|ARM
		Release - NSudo CUI - Subsystem Windows|ARM64 = Release - NSudo CUI - Subsystem Windows|ARM64
		Release - NSudo CUI - Subsystem Windows|x64 = Release - NSudo CUI - Subsystem Windows|x64
		Release - NSudo CUI - Subsystem Windows|x86 = Release - NSudo CUI - Subsystem Windows|x86
		Release - NSudo GUI - Subsystem Windows|ARM = Release - NSudo GUI - Subsystem Windows|ARM
		Release - NSudo GUI - Subsystem Windows|ARM64 = Release - NSudo GUI - Subsystem Windows|ARM64
		Release - NSudo GUI - Subsystem Windows|x64 = Release - NSudo GUI - Subsystem Windows|x64
		Release - NSudo GUI - Subsystem Windows|x86 = Release - NSudo GUI - Subsystem Windows|x86
	EndGlobalSection
	GlobalSection(ProjectConfigurationPlatforms) = postSolution
		{DBC9A9EE-78AE-4260-80E8-67D4D04A92C8}.Debug - NSudo CUI - Subsystem Console|ARM.ActiveCfg = Debug - NSudo CUI - Subsystem Console|ARM
		{DBC9A9EE-78AE-4260-80E8-67D4D04A92C8}.Debug - NSudo CUI - Subsystem Console|ARM.Build.0 = Debug - NSudo CUI - Subsystem Console|ARM
		{DBC9A9EE-78AE-4260-80E8-67D4D04A92C8}.Debug - NSudo CUI - Subsystem Console|ARM64.ActiveCfg = Debug - NSudo CUI - Subsystem Console|ARM64
		{DBC9A9EE-78AE-4260-80E8-67D4D04A92C8}.Debug - NSudo CUI - Subsystem Console|ARM64.Build.0 = Debug - NSudo CUI - Subsystem Console|ARM64
		{DBC9A9EE-78AE-4260-80E8-67D4D04A92C8}.Debug - NSudo CUI - Subsystem Console|x64.ActiveCfg = Debug - NSudo CUI - Subsystem Console|x64
		{DBC9A9EE-78AE-4260-80E8-67D4D04A92C8}.Debug - NSudo CUI - Subsystem Console|x64.Build.0 = Debug - NSudo CUI - Subsystem Console|x64
		{DBC9A9EE-78AE-4260-80E8-67D4D04A92C8}.Debug - NSudo CUI - Subsystem Console|x86.ActiveCfg = Debug - NSudo CUI - Subsystem Console|Win32
		{DBC9A9EE-78AE-4260-80E8-67D4D04A92C8}.Debug - NSudo CUI - Subsystem Console|x86.Build.0 = Debug - NSudo CUI - Subsystem Console|Win32
		{DBC9A9EE-78AE-4260-80E8-67D4D04A92C8}.Debug - NSudo CUI - Subsystem Windows|ARM.ActiveCfg = Debug - NSudo CUI - Subsystem Windows|ARM
		{DBC9A9EE-78AE-4260-80E8-67D4D04A92C8}.Debug - NSudo CUI - Subsystem Windows|ARM.Build.0 = Debug - NSudo CUI - Subsystem Windows|ARM
		{DBC9A9EE-78AE-4260-80E8-67D4D04A92C8}.Debug - NSudo CUI - Subsystem Windows|ARM64.ActiveCfg = Debug - NSudo CUI - Subsystem Windows|ARM64
		{DBC9A9EE-78AE-4260-80E8-67D4D04A92C8}.Debug - NSudo CUI - Subsystem Windows|ARM64.Build.0 = Debug - NSudo CUI - Subsystem Windows|ARM64
		{DBC9A9EE-78AE-4260-80E8-67D4D04A92C8}.Debug - NSudo CUI - Subsystem Windows|x64.ActiveCfg = Debug - NSudo CUI - Subsystem Windows|x64
		{DBC9A9EE-78AE-4260-80E8-67D4D04A92C8}.Debug - NSudo CUI - Subsystem Windows|x64.Build.0 = Debug - NSudo CUI - Subsystem Windows|x64
		{DBC9A9EE-78AE-4260-80E8-67D4D04A92C8}.Debug - NSudo CUI - Subsystem Windows|x86.ActiveCfg = Debug - NSudo CUI - Subsystem Windows|Win32
		{DBC9A9EE-78AE-4260-80E8-67D4D04A92C8}.Debug - NSudo CUI - Subsystem Windows|x86.Build.0 = Debug - NSudo CUI - Subsystem Windows|Win32
		{DBC9A9EE-78AE-4260-80E8-67D4D04A92C8}.Debug - NSudo GUI - Subsystem Windows|ARM.ActiveCfg = Debug - NSudo GUI - Subsystem Windows|ARM
		{DBC9A9EE-78AE-4260-80E8-67D4D04A92C8}.Debug - NSudo GUI - Subsystem Windows|ARM.Build.0 = Debug - NSudo GUI - Subsystem Windows|ARM
		{DBC9A9EE-78AE-4260-80E8-67D4D04A92C8}.Debug - NSudo GUI - Subsystem Windows|ARM64.ActiveCfg = Debug - NSudo GUI - Subsystem Windows|ARM64
		{DBC9A9EE-78AE-4260-80E8-67D4D04A92C8}.Debug - NSudo GUI - Subsystem Windows|ARM64.Build.0 = Debug - NSudo GUI - Subsystem Windows|ARM64
		{DBC9A9EE-78AE-4260-80E8-67D4D04A92C8}.Debug - NSudo GUI - Subsystem Windows|x64.ActiveCfg = Debug - NSudo GUI - Subsystem Windows|x64
		{DBC9A9EE-78AE-4260-80E8-67D4D04A92C8}.Debug - NSudo GUI - Subsystem Windows|x64.Build.0 = Debug - NSudo GUI - Subsystem Windows|x64
		{DBC9A9EE-78AE-4260-80E8-67D4D04A92C8}.Debug - NSudo GUI - Subsystem Windows|x86.ActiveCfg = Debug - NSudo GUI - Subsystem Windows|Win32
		{DBC9A9EE-78AE-4260-80E8-67D4D04A92C8}.Debug - NSudo GUI - Subsystem Windows|x86.Build.0 = Debug - NSudo GUI - Subsystem Windows|Win32
		{DBC9A9EE-78AE-4260-80E8-67D4D04A92C8}.Release - NSudo CUI - Subsystem Console|ARM.ActiveCfg = Release - NSudo CUI - Subsystem Console|ARM
		{DBC9A9EE-78AE-4260-80E8-67D4D04A92C8}.Release - NSudo CUI - Subsystem Console|ARM.Build.0 = Release - NSudo CUI - Subsystem Console|ARM
		{DBC9A9EE-78AE-4260-80E8-67D4D04A92C8}.Release - NSudo CUI - Subsystem Console|ARM64.ActiveCfg = Release - NSudo CUI - Subsystem Console|ARM64
		{DBC9A9EE-78AE-4260-80E8-67D4D04A92C8}.Release - NSudo CUI - Subsystem Console|ARM64.Build.0 = Release - NSudo CUI - Subsystem Console|ARM64
		{DBC9A9EE-78AE-4260-80E8-67D4D04A92C8}.Release - NSudo CUI - Subsystem Console|x64.ActiveCfg = Release - NSudo CUI - Subsystem Console|x64
		{DBC9A9EE-78AE-4260-80E8-67D4D04A92C8}.Release - NSudo CUI - Subsystem Console|x64.Build.0 = Release - NSudo CUI - Subsystem Console|x64
		{DBC9A9EE-78AE-4260-80E8-67D4D04A92C8}.Release - NSudo CUI - Subsystem Console|x86.ActiveCfg = Release - NSudo CUI - Subsystem Console|Win32
		{DBC9A9EE-78AE-4260-80E8-67D4D04A92C8}.Release - NSudo CUI - Subsystem Console|x86.Build.0 = Release - NSudo CUI - Subsystem Console|Win32
		{DBC9A9EE-78AE-4260-80E8-67D4D04A92C8}.Release - NSudo CUI - Subsystem Windows|ARM.ActiveCfg = Release - NSudo CUI - Subsystem Windows|ARM
		{DBC9A9EE-78AE-4260-80E8-67D4D04A92C8}.Release - NSudo CUI - Subsystem Windows|ARM.Build.0 = Release - NSudo CUI - Subsystem Windows|ARM
		{DBC9A9EE-78AE-4260-80E8-67D4D04A92C8}.Release - NSudo CUI - Subsystem Windows|ARM64.ActiveCfg = Release - NSudo CUI - Subsystem Windows|ARM64
		{DBC9A9EE-78AE-4260-80E8-67D4D04A92C8}.Release - NSudo CUI - Subsystem Windows|ARM64.Build.0 = Release - NSudo CUI - Subsystem Windows|ARM64
		{DBC9A9EE-78AE-4260-80E8-67D4D04A92C8}.Release - NSudo CUI - Subsystem Windows|x64.ActiveCfg = Release - NSudo CUI - Subsystem Windows|x64
		{DBC9A9EE-78AE-4260-80E8-67D4D04A92C8}.Release - NSudo CUI - Subsystem Windows|x64.Build.0 = Release - NSudo CUI - Subsystem Windows|x64
		{DBC9A9EE-78AE-4260-80E8-67D4D04A92C8}.Release - NSudo CUI - Subsystem Windows|x86.ActiveCfg = Release - NSudo CUI - Subsystem Windows|Win32
		{DBC9A9EE-78AE-4260-80E8-67D4D04A92C8}.Release - NSudo CUI - Subsystem Windows|x86.Build.0 = Release - NSudo CUI - Subsystem Windows|Win32
		{DBC9A9EE-78AE-4260-80E8-67D4D04A92C8}.Release - NSudo GUI - Subsystem Windows|ARM.ActiveCfg = Release - NSudo GUI - Subsystem Windows|ARM
		{DBC9A9EE-78AE-4260-80E8-67D4D04A92C8}.Release - NSudo GUI - Subsystem Windows|ARM.Build.0 = Release - NSudo GUI - Subsystem Windows|ARM
		{DBC9A9EE-78AE-4260-80E8-67D4D04A92C8}.Release - NSudo GUI - Subsystem Windows|ARM64.ActiveCfg = Release - NSudo GUI - Subsystem Windows|ARM64
		{DBC9A9EE-78AE-4260-80E8-67D4D04A92C8}.Release - NSudo GUI - Subsystem Windows|ARM64.Build.0 = Release - NSudo GUI - Subsystem Windows|ARM64
		{DBC9A9EE-78AE-4260-80E8-67D4D04A92C8}.Release - NSudo GUI - Subsystem Windows|x64.ActiveCfg = Release - NSudo GUI - Subsystem Windows|x64
		{DBC9A9EE-78AE-4260-80E8-67D4D04A92C8}.Release - NSudo GUI - Subsystem Windows|x64.Build.0 = Release - NSudo GUI - Subsystem Windows|x64
		{DBC9A9EE-78AE-4260-80E8-67D4D04A92C8}.Release - NSudo GUI - Subsystem Windows|x86.ActiveCfg = Release - NSudo GUI - Subsystem Windows|Win32
		{DBC9A9EE-78AE-4260-80E8-67D4D04A92C8}.Release - NSudo GUI - Subsystem Windows|x86.Build.0 = Release - NSudo GUI - Subsystem Windows|Win32
	EndGlobalSection
	GlobalSection(SolutionProperties) = preSolution
		HideSolutionNode = FALSE
	EndGlobalSection
	GlobalSection(ExtensibilityGlobals) = postSolution
		SolutionGuid = {07B0657A-5FA8-44A3-9E5B-2FB4FC7A26CD}
	EndGlobalSection
EndGlobal
