
Microsoft Visual Studio Solution File, Format Version 12.00
# Visual Studio Version 17
VisualStudioVersion = 17.1.32210.238
MinimumVisualStudioVersion = 10.0.40219.1
Project("{2150E333-8FDC-42A3-9474-1A3956D46DE8}") = "Scripts", "Scripts", "{D3AE8453-0175-4B40-985A-ABDD4B35D985}"
	ProjectSection(SolutionItems) = preProject
		Scripts\NSudo.bat = Scripts\NSudo.bat
	EndProjectSection
EndProject
Project("{8BC9CEB8-8B4A-11D0-8D11-00A0C91BC942}") = "NSudoAPI", "NSudoSDK\NSudoAPI.vcxproj", "{43C2BD57-4D61-42EC-B290-62A32B6FB5C7}"
	ProjectSection(ProjectDependencies) = postProject
		{074549F9-9197-41FE-A8ED-8BFA2A0E2549} = {074549F9-9197-41FE-A8ED-8BFA2A0E2549}
	EndProjectSection
EndProject
Project("{8BC9CEB8-8B4A-11D0-8D11-00A0C91BC942}") = "NSudoSDK", "NSudoSDK\NSudoSDK.vcxproj", "{074549F9-9197-41FE-A8ED-8BFA2A0E2549}"
	ProjectSection(ProjectDependencies) = postProject
		{84E27A16-CBC7-466C-971F-2A4E0F2F95BE} = {84E27A16-CBC7-466C-971F-2A4E0F2F95BE}
	EndProjectSection
EndProject
Project("{8BC9CEB8-8B4A-11D0-8D11-00A0C91BC942}") = "NSudoDevilMode", "NSudoDevilMode\NSudoDevilMode.vcxproj", "{9FC5B22F-D2AE-4021-8883-5D6B74C5ED71}"
EndProject
Project("{8BC9CEB8-8B4A-11D0-8D11-00A0C91BC942}") = "NSudoLauncherResources", "NSudoLauncher\NSudoLauncherResources.vcxproj", "{B2176F44-F97A-4403-948C-F21D56999C70}"
	ProjectSection(ProjectDependencies) = postProject
		{74324C26-D7B5-4BC7-94DD-1DF65C45783B} = {74324C26-D7B5-4BC7-94DD-1DF65C45783B}
	EndProjectSection
EndProject
Project("{8BC9CEB8-8B4A-11D0-8D11-00A0C91BC942}") = "NSudoLauncherCUI", "NSudoLauncher\NSudoLauncherCUI.vcxproj", "{2B3E4F28-D499-4529-BEC1-E0ED2003A385}"
	ProjectSection(ProjectDependencies) = postProject
		{B2176F44-F97A-4403-948C-F21D56999C70} = {B2176F44-F97A-4403-948C-F21D56999C70}
		{074549F9-9197-41FE-A8ED-8BFA2A0E2549} = {074549F9-9197-41FE-A8ED-8BFA2A0E2549}
	EndProjectSection
EndProject
Project("{8BC9CEB8-8B4A-11D0-8D11-00A0C91BC942}") = "NSudoLauncherGUI", "NSudoLauncher\NSudoLauncherGUI.vcxproj", "{8F89C743-14C8-4442-812F-1F1816FFB88D}"
	ProjectSection(ProjectDependencies) = postProject
		{B2176F44-F97A-4403-948C-F21D56999C70} = {B2176F44-F97A-4403-948C-F21D56999C70}
		{074549F9-9197-41FE-A8ED-8BFA2A0E2549} = {074549F9-9197-41FE-A8ED-8BFA2A0E2549}
	EndProjectSection
EndProject
Project("{2150E333-8FDC-42A3-9474-1A3956D46DE8}") = "NSudo Launcher", "NSudo Launcher", "{17B664B3-C93E-4723-AB24-4EBB84073B7D}"
EndProject
Project("{2150E333-8FDC-42A3-9474-1A3956D46DE8}") = "NSudo Devil Mode", "NSudo Devil Mode", "{2CD77DFC-7DEE-4A19-8558-4FC0E8C4D237}"
EndProject
Project("{8BC9CEB8-8B4A-11D0-8D11-00A0C91BC942}") = "MouriOptimizationPlugin", "MouriOptimizationPlugin\MouriOptimizationPlugin.vcxproj", "{74324C26-D7B5-4BC7-94DD-1DF65C45783B}"
	ProjectSection(ProjectDependencies) = postProject
		{074549F9-9197-41FE-A8ED-8BFA2A0E2549} = {074549F9-9197-41FE-A8ED-8BFA2A0E2549}
	EndProjectSection
EndProject
Project("{2150E333-8FDC-42A3-9474-1A3956D46DE8}") = "NSudo Software Development Kit", "NSudo Software Development Kit", "{C1A5AEBE-523D-4EB7-97C3-7EA31312FB22}"
EndProject
Project("{2150E333-8FDC-42A3-9474-1A3956D46DE8}") = "Mouri Optimization Plugin", "Mouri Optimization Plugin", "{B01F8AD3-C043-4C41-A2F1-4571A644465F}"
EndProject
Project("{8BC9CEB8-8B4A-11D0-8D11-00A0C91BC942}") = "Mile.Library", "Mile.Cpp\Mile.Library\Mile.Library.vcxproj", "{84E27A16-CBC7-466C-971F-2A4E0F2F95BE}"
EndProject
Project("{8BC9CEB8-8B4A-11D0-8D11-00A0C91BC942}") = "NSudoPluginHost", "NSudoPluginHost\NSudoPluginHost.vcxproj", "{F3E82C07-D4FD-45AD-9C7C-29C7FC210158}"
	ProjectSection(ProjectDependencies) = postProject
		{84E27A16-CBC7-466C-971F-2A4E0F2F95BE} = {84E27A16-CBC7-466C-971F-2A4E0F2F95BE}
		{74324C26-D7B5-4BC7-94DD-1DF65C45783B} = {74324C26-D7B5-4BC7-94DD-1DF65C45783B}
		{074549F9-9197-41FE-A8ED-8BFA2A0E2549} = {074549F9-9197-41FE-A8ED-8BFA2A0E2549}
	EndProjectSection
EndProject
Global
	GlobalSection(SharedMSBuildProjectFiles) = preSolution
		Mile.Cpp\Mile.Library\Mile.Library.vcxitems*{074549f9-9197-41fe-a8ed-8bfa2a0e2549}*SharedItemsImports = 4
		Mile.Cpp\Mile.Library\Mile.Library.vcxitems*{2b3e4f28-d499-4529-bec1-e0ed2003a385}*SharedItemsImports = 4
		Mile.Cpp\Mile.Library\Mile.Library.vcxitems*{43c2bd57-4d61-42ec-b290-62a32b6fb5c7}*SharedItemsImports = 4
		Mile.Cpp\Mile.Library\Mile.Library.vcxitems*{74324c26-d7b5-4bc7-94dd-1df65c45783b}*SharedItemsImports = 4
		Mile.Cpp\Mile.Library\Mile.Library.vcxitems*{8f89c743-14c8-4442-812f-1f1816ffb88d}*SharedItemsImports = 4
	EndGlobalSection
	GlobalSection(SolutionConfigurationPlatforms) = preSolution
		Debug|ARM64 = Debug|ARM64
		Debug|x64 = Debug|x64
		Debug|x86 = Debug|x86
		Release|ARM64 = Release|ARM64
		Release|x64 = Release|x64
		Release|x86 = Release|x86
	EndGlobalSection
	GlobalSection(ProjectConfigurationPlatforms) = postSolution
		{43C2BD57-4D61-42EC-B290-62A32B6FB5C7}.Debug|ARM64.ActiveCfg = Debug|ARM64
		{43C2BD57-4D61-42EC-B290-62A32B6FB5C7}.Debug|ARM64.Build.0 = Debug|ARM64
		{43C2BD57-4D61-42EC-B290-62A32B6FB5C7}.Debug|x64.ActiveCfg = Debug|x64
		{43C2BD57-4D61-42EC-B290-62A32B6FB5C7}.Debug|x64.Build.0 = Debug|x64
		{43C2BD57-4D61-42EC-B290-62A32B6FB5C7}.Debug|x86.ActiveCfg = Debug|Win32
		{43C2BD57-4D61-42EC-B290-62A32B6FB5C7}.Debug|x86.Build.0 = Debug|Win32
		{43C2BD57-4D61-42EC-B290-62A32B6FB5C7}.Release|ARM64.ActiveCfg = Release|ARM64
		{43C2BD57-4D61-42EC-B290-62A32B6FB5C7}.Release|ARM64.Build.0 = Release|ARM64
		{43C2BD57-4D61-42EC-B290-62A32B6FB5C7}.Release|x64.ActiveCfg = Release|x64
		{43C2BD57-4D61-42EC-B290-62A32B6FB5C7}.Release|x64.Build.0 = Release|x64
		{43C2BD57-4D61-42EC-B290-62A32B6FB5C7}.Release|x86.ActiveCfg = Release|Win32
		{43C2BD57-4D61-42EC-B290-62A32B6FB5C7}.Release|x86.Build.0 = Release|Win32
		{074549F9-9197-41FE-A8ED-8BFA2A0E2549}.Debug|ARM64.ActiveCfg = Debug|ARM64
		{074549F9-9197-41FE-A8ED-8BFA2A0E2549}.Debug|ARM64.Build.0 = Debug|ARM64
		{074549F9-9197-41FE-A8ED-8BFA2A0E2549}.Debug|x64.ActiveCfg = Debug|x64
		{074549F9-9197-41FE-A8ED-8BFA2A0E2549}.Debug|x64.Build.0 = Debug|x64
		{074549F9-9197-41FE-A8ED-8BFA2A0E2549}.Debug|x86.ActiveCfg = Debug|Win32
		{074549F9-9197-41FE-A8ED-8BFA2A0E2549}.Debug|x86.Build.0 = Debug|Win32
		{074549F9-9197-41FE-A8ED-8BFA2A0E2549}.Release|ARM64.ActiveCfg = Release|ARM64
		{074549F9-9197-41FE-A8ED-8BFA2A0E2549}.Release|ARM64.Build.0 = Release|ARM64
		{074549F9-9197-41FE-A8ED-8BFA2A0E2549}.Release|x64.ActiveCfg = Release|x64
		{074549F9-9197-41FE-A8ED-8BFA2A0E2549}.Release|x64.Build.0 = Release|x64
		{074549F9-9197-41FE-A8ED-8BFA2A0E2549}.Release|x86.ActiveCfg = Release|Win32
		{074549F9-9197-41FE-A8ED-8BFA2A0E2549}.Release|x86.Build.0 = Release|Win32
		{9FC5B22F-D2AE-4021-8883-5D6B74C5ED71}.Debug|ARM64.ActiveCfg = Debug|ARM64
		{9FC5B22F-D2AE-4021-8883-5D6B74C5ED71}.Debug|ARM64.Build.0 = Debug|ARM64
		{9FC5B22F-D2AE-4021-8883-5D6B74C5ED71}.Debug|x64.ActiveCfg = Debug|x64
		{9FC5B22F-D2AE-4021-8883-5D6B74C5ED71}.Debug|x64.Build.0 = Debug|x64
		{9FC5B22F-D2AE-4021-8883-5D6B74C5ED71}.Debug|x86.ActiveCfg = Debug|Win32
		{9FC5B22F-D2AE-4021-8883-5D6B74C5ED71}.Debug|x86.Build.0 = Debug|Win32
		{9FC5B22F-D2AE-4021-8883-5D6B74C5ED71}.Release|ARM64.ActiveCfg = Release|ARM64
		{9FC5B22F-D2AE-4021-8883-5D6B74C5ED71}.Release|ARM64.Build.0 = Release|ARM64
		{9FC5B22F-D2AE-4021-8883-5D6B74C5ED71}.Release|x64.ActiveCfg = Release|x64
		{9FC5B22F-D2AE-4021-8883-5D6B74C5ED71}.Release|x64.Build.0 = Release|x64
		{9FC5B22F-D2AE-4021-8883-5D6B74C5ED71}.Release|x86.ActiveCfg = Release|Win32
		{9FC5B22F-D2AE-4021-8883-5D6B74C5ED71}.Release|x86.Build.0 = Release|Win32
		{B2176F44-F97A-4403-948C-F21D56999C70}.Debug|ARM64.ActiveCfg = Debug|ARM64
		{B2176F44-F97A-4403-948C-F21D56999C70}.Debug|ARM64.Build.0 = Debug|ARM64
		{B2176F44-F97A-4403-948C-F21D56999C70}.Debug|x64.ActiveCfg = Debug|x64
		{B2176F44-F97A-4403-948C-F21D56999C70}.Debug|x64.Build.0 = Debug|x64
		{B2176F44-F97A-4403-948C-F21D56999C70}.Debug|x86.ActiveCfg = Debug|Win32
		{B2176F44-F97A-4403-948C-F21D56999C70}.Debug|x86.Build.0 = Debug|Win32
		{B2176F44-F97A-4403-948C-F21D56999C70}.Release|ARM64.ActiveCfg = Release|ARM64
		{B2176F44-F97A-4403-948C-F21D56999C70}.Release|ARM64.Build.0 = Release|ARM64
		{B2176F44-F97A-4403-948C-F21D56999C70}.Release|x64.ActiveCfg = Release|x64
		{B2176F44-F97A-4403-948C-F21D56999C70}.Release|x64.Build.0 = Release|x64
		{B2176F44-F97A-4403-948C-F21D56999C70}.Release|x86.ActiveCfg = Release|Win32
		{B2176F44-F97A-4403-948C-F21D56999C70}.Release|x86.Build.0 = Release|Win32
		{2B3E4F28-D499-4529-BEC1-E0ED2003A385}.Debug|ARM64.ActiveCfg = Debug|ARM64
		{2B3E4F28-D499-4529-BEC1-E0ED2003A385}.Debug|ARM64.Build.0 = Debug|ARM64
		{2B3E4F28-D499-4529-BEC1-E0ED2003A385}.Debug|x64.ActiveCfg = Debug|x64
		{2B3E4F28-D499-4529-BEC1-E0ED2003A385}.Debug|x64.Build.0 = Debug|x64
		{2B3E4F28-D499-4529-BEC1-E0ED2003A385}.Debug|x86.ActiveCfg = Debug|Win32
		{2B3E4F28-D499-4529-BEC1-E0ED2003A385}.Debug|x86.Build.0 = Debug|Win32
		{2B3E4F28-D499-4529-BEC1-E0ED2003A385}.Release|ARM64.ActiveCfg = Release|ARM64
		{2B3E4F28-D499-4529-BEC1-E0ED2003A385}.Release|ARM64.Build.0 = Release|ARM64
		{2B3E4F28-D499-4529-BEC1-E0ED2003A385}.Release|x64.ActiveCfg = Release|x64
		{2B3E4F28-D499-4529-BEC1-E0ED2003A385}.Release|x64.Build.0 = Release|x64
		{2B3E4F28-D499-4529-BEC1-E0ED2003A385}.Release|x86.ActiveCfg = Release|Win32
		{2B3E4F28-D499-4529-BEC1-E0ED2003A385}.Release|x86.Build.0 = Release|Win32
		{8F89C743-14C8-4442-812F-1F1816FFB88D}.Debug|ARM64.ActiveCfg = Debug|ARM64
		{8F89C743-14C8-4442-812F-1F1816FFB88D}.Debug|ARM64.Build.0 = Debug|ARM64
		{8F89C743-14C8-4442-812F-1F1816FFB88D}.Debug|x64.ActiveCfg = Debug|x64
		{8F89C743-14C8-4442-812F-1F1816FFB88D}.Debug|x64.Build.0 = Debug|x64
		{8F89C743-14C8-4442-812F-1F1816FFB88D}.Debug|x86.ActiveCfg = Debug|Win32
		{8F89C743-14C8-4442-812F-1F1816FFB88D}.Debug|x86.Build.0 = Debug|Win32
		{8F89C743-14C8-4442-812F-1F1816FFB88D}.Release|ARM64.ActiveCfg = Release|ARM64
		{8F89C743-14C8-4442-812F-1F1816FFB88D}.Release|ARM64.Build.0 = Release|ARM64
		{8F89C743-14C8-4442-812F-1F1816FFB88D}.Release|x64.ActiveCfg = Release|x64
		{8F89C743-14C8-4442-812F-1F1816FFB88D}.Release|x64.Build.0 = Release|x64
		{8F89C743-14C8-4442-812F-1F1816FFB88D}.Release|x86.ActiveCfg = Release|Win32
		{8F89C743-14C8-4442-812F-1F1816FFB88D}.Release|x86.Build.0 = Release|Win32
		{74324C26-D7B5-4BC7-94DD-1DF65C45783B}.Debug|ARM64.ActiveCfg = Debug|ARM64
		{74324C26-D7B5-4BC7-94DD-1DF65C45783B}.Debug|ARM64.Build.0 = Debug|ARM64
		{74324C26-D7B5-4BC7-94DD-1DF65C45783B}.Debug|x64.ActiveCfg = Debug|x64
		{74324C26-D7B5-4BC7-94DD-1DF65C45783B}.Debug|x64.Build.0 = Debug|x64
		{74324C26-D7B5-4BC7-94DD-1DF65C45783B}.Debug|x86.ActiveCfg = Debug|Win32
		{74324C26-D7B5-4BC7-94DD-1DF65C45783B}.Debug|x86.Build.0 = Debug|Win32
		{74324C26-D7B5-4BC7-94DD-1DF65C45783B}.Release|ARM64.ActiveCfg = Release|ARM64
		{74324C26-D7B5-4BC7-94DD-1DF65C45783B}.Release|ARM64.Build.0 = Release|ARM64
		{74324C26-D7B5-4BC7-94DD-1DF65C45783B}.Release|x64.ActiveCfg = Release|x64
		{74324C26-D7B5-4BC7-94DD-1DF65C45783B}.Release|x64.Build.0 = Release|x64
		{74324C26-D7B5-4BC7-94DD-1DF65C45783B}.Release|x86.ActiveCfg = Release|Win32
		{74324C26-D7B5-4BC7-94DD-1DF65C45783B}.Release|x86.Build.0 = Release|Win32
		{84E27A16-CBC7-466C-971F-2A4E0F2F95BE}.Debug|ARM64.ActiveCfg = Debug|ARM64
		{84E27A16-CBC7-466C-971F-2A4E0F2F95BE}.Debug|ARM64.Build.0 = Debug|ARM64
		{84E27A16-CBC7-466C-971F-2A4E0F2F95BE}.Debug|x64.ActiveCfg = Debug|x64
		{84E27A16-CBC7-466C-971F-2A4E0F2F95BE}.Debug|x64.Build.0 = Debug|x64
		{84E27A16-CBC7-466C-971F-2A4E0F2F95BE}.Debug|x86.ActiveCfg = Debug|Win32
		{84E27A16-CBC7-466C-971F-2A4E0F2F95BE}.Debug|x86.Build.0 = Debug|Win32
		{84E27A16-CBC7-466C-971F-2A4E0F2F95BE}.Release|ARM64.ActiveCfg = Release|ARM64
		{84E27A16-CBC7-466C-971F-2A4E0F2F95BE}.Release|ARM64.Build.0 = Release|ARM64
		{84E27A16-CBC7-466C-971F-2A4E0F2F95BE}.Release|x64.ActiveCfg = Release|x64
		{84E27A16-CBC7-466C-971F-2A4E0F2F95BE}.Release|x64.Build.0 = Release|x64
		{84E27A16-CBC7-466C-971F-2A4E0F2F95BE}.Release|x86.ActiveCfg = Release|Win32
		{84E27A16-CBC7-466C-971F-2A4E0F2F95BE}.Release|x86.Build.0 = Release|Win32
		{F3E82C07-D4FD-45AD-9C7C-29C7FC210158}.Debug|ARM64.ActiveCfg = Debug|ARM64
		{F3E82C07-D4FD-45AD-9C7C-29C7FC210158}.Debug|ARM64.Build.0 = Debug|ARM64
		{F3E82C07-D4FD-45AD-9C7C-29C7FC210158}.Debug|x64.ActiveCfg = Debug|x64
		{F3E82C07-D4FD-45AD-9C7C-29C7FC210158}.Debug|x64.Build.0 = Debug|x64
		{F3E82C07-D4FD-45AD-9C7C-29C7FC210158}.Debug|x86.ActiveCfg = Debug|Win32
		{F3E82C07-D4FD-45AD-9C7C-29C7FC210158}.Debug|x86.Build.0 = Debug|Win32
		{F3E82C07-D4FD-45AD-9C7C-29C7FC210158}.Release|ARM64.ActiveCfg = Release|ARM64
		{F3E82C07-D4FD-45AD-9C7C-29C7FC210158}.Release|ARM64.Build.0 = Release|ARM64
		{F3E82C07-D4FD-45AD-9C7C-29C7FC210158}.Release|x64.ActiveCfg = Release|x64
		{F3E82C07-D4FD-45AD-9C7C-29C7FC210158}.Release|x64.Build.0 = Release|x64
		{F3E82C07-D4FD-45AD-9C7C-29C7FC210158}.Release|x86.ActiveCfg = Release|Win32
		{F3E82C07-D4FD-45AD-9C7C-29C7FC210158}.Release|x86.Build.0 = Release|Win32
	EndGlobalSection
	GlobalSection(SolutionProperties) = preSolution
		HideSolutionNode = FALSE
	EndGlobalSection
	GlobalSection(NestedProjects) = preSolution
		{43C2BD57-4D61-42EC-B290-62A32B6FB5C7} = {C1A5AEBE-523D-4EB7-97C3-7EA31312FB22}
		{074549F9-9197-41FE-A8ED-8BFA2A0E2549} = {C1A5AEBE-523D-4EB7-97C3-7EA31312FB22}
		{9FC5B22F-D2AE-4021-8883-5D6B74C5ED71} = {2CD77DFC-7DEE-4A19-8558-4FC0E8C4D237}
		{B2176F44-F97A-4403-948C-F21D56999C70} = {17B664B3-C93E-4723-AB24-4EBB84073B7D}
		{2B3E4F28-D499-4529-BEC1-E0ED2003A385} = {17B664B3-C93E-4723-AB24-4EBB84073B7D}
		{8F89C743-14C8-4442-812F-1F1816FFB88D} = {17B664B3-C93E-4723-AB24-4EBB84073B7D}
		{74324C26-D7B5-4BC7-94DD-1DF65C45783B} = {B01F8AD3-C043-4C41-A2F1-4571A644465F}
		{84E27A16-CBC7-466C-971F-2A4E0F2F95BE} = {C1A5AEBE-523D-4EB7-97C3-7EA31312FB22}
		{F3E82C07-D4FD-45AD-9C7C-29C7FC210158} = {C1A5AEBE-523D-4EB7-97C3-7EA31312FB22}
	EndGlobalSection
	GlobalSection(ExtensibilityGlobals) = postSolution
		SolutionGuid = {07B0657A-5FA8-44A3-9E5B-2FB4FC7A26CD}
	EndGlobalSection
EndGlobal
