<?xml version="1.0" encoding="utf-8"?>
<Project ToolsVersion="4.0" xmlns="http://schemas.microsoft.com/developer/msbuild/2003">
  <ItemGroup>
    <ClInclude Include="NSudoAPI.h" />
    <ClInclude Include="resource.h" />
    <ClInclude Include="NSudoLib.h" />
  </ItemGroup>
  <ItemGroup>
    <ResourceCompile Include="NSudoAPI.rc" />
  </ItemGroup>
  <ItemGroup>
    <ClCompile Include="NSudoAPI.cpp" />
  </ItemGroup>
  <ItemGroup>
    <None Include="NSudoAPI.def" />
  </ItemGroup>
</Project>