
Microsoft Visual Studio Solution File, Format Version 12.00
# Visual Studio Version 16
VisualStudioVersion = 16.0.28729.10
MinimumVisualStudioVersion = 10.0.40219.1
Project("{2150E333-8FDC-42A3-9474-1A3956D46DE8}") = "MSBuild", "MSBuild", "{89E797B1-E412-492F-BD8C-247E53CA85CB}"
	ProjectSection(SolutionItems) = preProject
		MSBuild\NSudoAPI.props = MSBuild\NSudoAPI.props
		MSBuild\NSudoLib.props = MSBuild\NSudoLib.props
	EndProjectSection
EndProject
Project("{2150E333-8FDC-42A3-9474-1A3956D46DE8}") = "Scripts", "Scripts", "{D3AE8453-0175-4B40-985A-ABDD4B35D985}"
	ProjectSection(SolutionItems) = preProject
		Scripts\NSudo.bat = Scripts\NSudo.bat
	EndProjectSection
EndProject
Project("{8BC9CEB8-8B4A-11D0-8D11-00A0C91BC942}") = "NSudoAPI", "NSudoAPI\NSudoAPI.vcxproj", "{43C2BD57-4D61-42EC-B290-62A32B6FB5C7}"
	ProjectSection(ProjectDependencies) = postProject
		{074549F9-9197-41FE-A8ED-8BFA2A0E2549} = {074549F9-9197-41FE-A8ED-8BFA2A0E2549}
	EndProjectSection
EndProject
Project("{8BC9CEB8-8B4A-11D0-8D11-00A0C91BC942}") = "NSudoLib", "NSudoLib\NSudoLib.vcxproj", "{074549F9-9197-41FE-A8ED-8BFA2A0E2549}"
	ProjectSection(ProjectDependencies) = postProject
		{A17EB414-7D7A-4455-BEF7-CA8D149D0CB2} = {A17EB414-7D7A-4455-BEF7-CA8D149D0CB2}
	EndProjectSection
EndProject
Project("{8BC9CEB8-8B4A-11D0-8D11-00A0C91BC942}") = "NSudoDevilMode", "NSudoDevilMode\NSudoDevilMode.vcxproj", "{9FC5B22F-D2AE-4021-8883-5D6B74C5ED71}"
EndProject
Project("{8BC9CEB8-8B4A-11D0-8D11-00A0C91BC942}") = "NSudoSweeper", "NSudoSweeper\NSudoSweeper.vcxproj", "{7B115CBE-B478-4721-B38F-C3BE5563D581}"
	ProjectSection(ProjectDependencies) = postProject
		{A17EB414-7D7A-4455-BEF7-CA8D149D0CB2} = {A17EB414-7D7A-4455-BEF7-CA8D149D0CB2}
	EndProjectSection
EndProject
Project("{8BC9CEB8-8B4A-11D0-8D11-00A0C91BC942}") = "Mile", "Mile\Mile.vcxproj", "{A17EB414-7D7A-4455-BEF7-CA8D149D0CB2}"
EndProject
Project("{8BC9CEB8-8B4A-11D0-8D11-00A0C91BC942}") = "NSudoLauncherResources", "NSudoLauncher\NSudoLauncherResources.vcxproj", "{B2176F44-F97A-4403-948C-F21D56999C70}"
EndProject
Project("{8BC9CEB8-8B4A-11D0-8D11-00A0C91BC942}") = "NSudoLauncherCUI", "NSudoLauncher\NSudoLauncherCUI.vcxproj", "{2B3E4F28-D499-4529-BEC1-E0ED2003A385}"
	ProjectSection(ProjectDependencies) = postProject
		{B2176F44-F97A-4403-948C-F21D56999C70} = {B2176F44-F97A-4403-948C-F21D56999C70}
		{074549F9-9197-41FE-A8ED-8BFA2A0E2549} = {074549F9-9197-41FE-A8ED-8BFA2A0E2549}
	EndProjectSection
EndProject
Project("{8BC9CEB8-8B4A-11D0-8D11-00A0C91BC942}") = "NSudoLauncherGUI", "NSudoLauncher\NSudoLauncherGUI.vcxproj", "{8F89C743-14C8-4442-812F-1F1816FFB88D}"
	ProjectSection(ProjectDependencies) = postProject
		{B2176F44-F97A-4403-948C-F21D56999C70} = {B2176F44-F97A-4403-948C-F21D56999C70}
		{074549F9-9197-41FE-A8ED-8BFA2A0E2549} = {074549F9-9197-41FE-A8ED-8BFA2A0E2549}
	EndProjectSection
EndProject
Project("{2150E333-8FDC-42A3-9474-1A3956D46DE8}") = "NSudo Launcher", "NSudo Launcher", "{17B664B3-C93E-4723-AB24-4EBB84073B7D}"
EndProject
Project("{2150E333-8FDC-42A3-9474-1A3956D46DE8}") = "NSudo Devil Mode", "NSudo Devil Mode", "{2CD77DFC-7DEE-4A19-8558-4FC0E8C4D237}"
EndProject
Project("{2150E333-8FDC-42A3-9474-1A3956D46DE8}") = "NSudo Shared Library", "NSudo Shared Library", "{D5A445AE-62BB-4677-BBB7-EE7BED5B8DEA}"
EndProject
Project("{2150E333-8FDC-42A3-9474-1A3956D46DE8}") = "NSudo Sweeper", "NSudo Sweeper", "{47D6354B-2141-4E31-A528-4B86F9283DE9}"
EndProject
Project("{2150E333-8FDC-42A3-9474-1A3956D46DE8}") = "Mile", "Mile", "{578E277E-04D1-495D-90F7-B0A7EE9FD538}"
EndProject
Global
	GlobalSection(SolutionConfigurationPlatforms) = preSolution
		Debug|ARM64 = Debug|ARM64
		Debug|x64 = Debug|x64
		Debug|x86 = Debug|x86
		Release|ARM64 = Release|ARM64
		Release|x64 = Release|x64
		Release|x86 = Release|x86
	EndGlobalSection
	GlobalSection(ProjectConfigurationPlatforms) = postSolution
		{43C2BD57-4D61-42EC-B290-62A32B6FB5C7}.Debug|ARM64.ActiveCfg = Debug|ARM64
		{43C2BD57-4D61-42EC-B290-62A32B6FB5C7}.Debug|ARM64.Build.0 = Debug|ARM64
		{43C2BD57-4D61-42EC-B290-62A32B6FB5C7}.Debug|x64.ActiveCfg = Debug|x64
		{43C2BD57-4D61-42EC-B290-62A32B6FB5C7}.Debug|x64.Build.0 = Debug|x64
		{43C2BD57-4D61-42EC-B290-62A32B6FB5C7}.Debug|x86.ActiveCfg = Debug|Win32
		{43C2BD57-4D61-42EC-B290-62A32B6FB5C7}.Debug|x86.Build.0 = Debug|Win32
		{43C2BD57-4D61-42EC-B290-62A32B6FB5C7}.Release|ARM64.ActiveCfg = Release|ARM64
		{43C2BD57-4D61-42EC-B290-62A32B6FB5C7}.Release|ARM64.Build.0 = Release|ARM64
		{43C2BD57-4D61-42EC-B290-62A32B6FB5C7}.Release|x64.ActiveCfg = Release|x64
		{43C2BD57-4D61-42EC-B290-62A32B6FB5C7}.Release|x64.Build.0 = Release|x64
		{43C2BD57-4D61-42EC-B290-62A32B6FB5C7}.Release|x86.ActiveCfg = Release|Win32
		{43C2BD57-4D61-42EC-B290-62A32B6FB5C7}.Release|x86.Build.0 = Release|Win32
		{074549F9-9197-41FE-A8ED-8BFA2A0E2549}.Debug|ARM64.ActiveCfg = Debug|ARM64
		{074549F9-9197-41FE-A8ED-8BFA2A0E2549}.Debug|ARM64.Build.0 = Debug|ARM64
		{074549F9-9197-41FE-A8ED-8BFA2A0E2549}.Debug|x64.ActiveCfg = Debug|x64
		{074549F9-9197-41FE-A8ED-8BFA2A0E2549}.Debug|x64.Build.0 = Debug|x64
		{074549F9-9197-41FE-A8ED-8BFA2A0E2549}.Debug|x86.ActiveCfg = Debug|Win32
		{074549F9-9197-41FE-A8ED-8BFA2A0E2549}.Debug|x86.Build.0 = Debug|Win32
		{074549F9-9197-41FE-A8ED-8BFA2A0E2549}.Release|ARM64.ActiveCfg = Release|ARM64
		{074549F9-9197-41FE-A8ED-8BFA2A0E2549}.Release|ARM64.Build.0 = Release|ARM64
		{074549F9-9197-41FE-A8ED-8BFA2A0E2549}.Release|x64.ActiveCfg = Release|x64
		{074549F9-9197-41FE-A8ED-8BFA2A0E2549}.Release|x64.Build.0 = Release|x64
		{074549F9-9197-41FE-A8ED-8BFA2A0E2549}.Release|x86.ActiveCfg = Release|Win32
		{074549F9-9197-41FE-A8ED-8BFA2A0E2549}.Release|x86.Build.0 = Release|Win32
		{9FC5B22F-D2AE-4021-8883-5D6B74C5ED71}.Debug|ARM64.ActiveCfg = Debug|ARM64
		{9FC5B22F-D2AE-4021-8883-5D6B74C5ED71}.Debug|ARM64.Build.0 = Debug|ARM64
		{9FC5B22F-D2AE-4021-8883-5D6B74C5ED71}.Debug|x64.ActiveCfg = Debug|x64
		{9FC5B22F-D2AE-4021-8883-5D6B74C5ED71}.Debug|x64.Build.0 = Debug|x64
		{9FC5B22F-D2AE-4021-8883-5D6B74C5ED71}.Debug|x86.ActiveCfg = Debug|Win32
		{9FC5B22F-D2AE-4021-8883-5D6B74C5ED71}.Debug|x86.Build.0 = Debug|Win32
		{9FC5B22F-D2AE-4021-8883-5D6B74C5ED71}.Release|ARM64.ActiveCfg = Release|ARM64
		{9FC5B22F-D2AE-4021-8883-5D6B74C5ED71}.Release|ARM64.Build.0 = Release|ARM64
		{9FC5B22F-D2AE-4021-8883-5D6B74C5ED71}.Release|x64.ActiveCfg = Release|x64
		{9FC5B22F-D2AE-4021-8883-5D6B74C5ED71}.Release|x64.Build.0 = Release|x64
		{9FC5B22F-D2AE-4021-8883-5D6B74C5ED71}.Release|x86.ActiveCfg = Release|Win32
		{9FC5B22F-D2AE-4021-8883-5D6B74C5ED71}.Release|x86.Build.0 = Release|Win32
		{7B115CBE-B478-4721-B38F-C3BE5563D581}.Debug|ARM64.ActiveCfg = Debug|ARM64
		{7B115CBE-B478-4721-B38F-C3BE5563D581}.Debug|ARM64.Build.0 = Debug|ARM64
		{7B115CBE-B478-4721-B38F-C3BE5563D581}.Debug|x64.ActiveCfg = Debug|x64
		{7B115CBE-B478-4721-B38F-C3BE5563D581}.Debug|x64.Build.0 = Debug|x64
		{7B115CBE-B478-4721-B38F-C3BE5563D581}.Debug|x86.ActiveCfg = Debug|Win32
		{7B115CBE-B478-4721-B38F-C3BE5563D581}.Debug|x86.Build.0 = Debug|Win32
		{7B115CBE-B478-4721-B38F-C3BE5563D581}.Release|ARM64.ActiveCfg = Release|ARM64
		{7B115CBE-B478-4721-B38F-C3BE5563D581}.Release|ARM64.Build.0 = Release|ARM64
		{7B115CBE-B478-4721-B38F-C3BE5563D581}.Release|x64.ActiveCfg = Release|x64
		{7B115CBE-B478-4721-B38F-C3BE5563D581}.Release|x64.Build.0 = Release|x64
		{7B115CBE-B478-4721-B38F-C3BE5563D581}.Release|x86.ActiveCfg = Release|Win32
		{7B115CBE-B478-4721-B38F-C3BE5563D581}.Release|x86.Build.0 = Release|Win32
		{A17EB414-7D7A-4455-BEF7-CA8D149D0CB2}.Debug|ARM64.ActiveCfg = Debug|ARM64
		{A17EB414-7D7A-4455-BEF7-CA8D149D0CB2}.Debug|ARM64.Build.0 = Debug|ARM64
		{A17EB414-7D7A-4455-BEF7-CA8D149D0CB2}.Debug|x64.ActiveCfg = Debug|x64
		{A17EB414-7D7A-4455-BEF7-CA8D149D0CB2}.Debug|x64.Build.0 = Debug|x64
		{A17EB414-7D7A-4455-BEF7-CA8D149D0CB2}.Debug|x86.ActiveCfg = Debug|Win32
		{A17EB414-7D7A-4455-BEF7-CA8D149D0CB2}.Debug|x86.Build.0 = Debug|Win32
		{A17EB414-7D7A-4455-BEF7-CA8D149D0CB2}.Release|ARM64.ActiveCfg = Release|ARM64
		{A17EB414-7D7A-4455-BEF7-CA8D149D0CB2}.Release|ARM64.Build.0 = Release|ARM64
		{A17EB414-7D7A-4455-BEF7-CA8D149D0CB2}.Release|x64.ActiveCfg = Release|x64
		{A17EB414-7D7A-4455-BEF7-CA8D149D0CB2}.Release|x64.Build.0 = Release|x64
		{A17EB414-7D7A-4455-BEF7-CA8D149D0CB2}.Release|x86.ActiveCfg = Release|Win32
		{A17EB414-7D7A-4455-BEF7-CA8D149D0CB2}.Release|x86.Build.0 = Release|Win32
		{B2176F44-F97A-4403-948C-F21D56999C70}.Debug|ARM64.ActiveCfg = Debug|ARM64
		{B2176F44-F97A-4403-948C-F21D56999C70}.Debug|ARM64.Build.0 = Debug|ARM64
		{B2176F44-F97A-4403-948C-F21D56999C70}.Debug|x64.ActiveCfg = Debug|x64
		{B2176F44-F97A-4403-948C-F21D56999C70}.Debug|x64.Build.0 = Debug|x64
		{B2176F44-F97A-4403-948C-F21D56999C70}.Debug|x86.ActiveCfg = Debug|Win32
		{B2176F44-F97A-4403-948C-F21D56999C70}.Debug|x86.Build.0 = Debug|Win32
		{B2176F44-F97A-4403-948C-F21D56999C70}.Release|ARM64.ActiveCfg = Release|ARM64
		{B2176F44-F97A-4403-948C-F21D56999C70}.Release|ARM64.Build.0 = Release|ARM64
		{B2176F44-F97A-4403-948C-F21D56999C70}.Release|x64.ActiveCfg = Release|x64
		{B2176F44-F97A-4403-948C-F21D56999C70}.Release|x64.Build.0 = Release|x64
		{B2176F44-F97A-4403-948C-F21D56999C70}.Release|x86.ActiveCfg = Release|Win32
		{B2176F44-F97A-4403-948C-F21D56999C70}.Release|x86.Build.0 = Release|Win32
		{2B3E4F28-D499-4529-BEC1-E0ED2003A385}.Debug|ARM64.ActiveCfg = Debug|ARM64
		{2B3E4F28-D499-4529-BEC1-E0ED2003A385}.Debug|ARM64.Build.0 = Debug|ARM64
		{2B3E4F28-D499-4529-BEC1-E0ED2003A385}.Debug|x64.ActiveCfg = Debug|x64
		{2B3E4F28-D499-4529-BEC1-E0ED2003A385}.Debug|x64.Build.0 = Debug|x64
		{2B3E4F28-D499-4529-BEC1-E0ED2003A385}.Debug|x86.ActiveCfg = Debug|Win32
		{2B3E4F28-D499-4529-BEC1-E0ED2003A385}.Debug|x86.Build.0 = Debug|Win32
		{2B3E4F28-D499-4529-BEC1-E0ED2003A385}.Release|ARM64.ActiveCfg = Release|ARM64
		{2B3E4F28-D499-4529-BEC1-E0ED2003A385}.Release|ARM64.Build.0 = Release|ARM64
		{2B3E4F28-D499-4529-BEC1-E0ED2003A385}.Release|x64.ActiveCfg = Release|x64
		{2B3E4F28-D499-4529-BEC1-E0ED2003A385}.Release|x64.Build.0 = Release|x64
		{2B3E4F28-D499-4529-BEC1-E0ED2003A385}.Release|x86.ActiveCfg = Release|Win32
		{2B3E4F28-D499-4529-BEC1-E0ED2003A385}.Release|x86.Build.0 = Release|Win32
		{8F89C743-14C8-4442-812F-1F1816FFB88D}.Debug|ARM64.ActiveCfg = Debug|ARM64
		{8F89C743-14C8-4442-812F-1F1816FFB88D}.Debug|ARM64.Build.0 = Debug|ARM64
		{8F89C743-14C8-4442-812F-1F1816FFB88D}.Debug|x64.ActiveCfg = Debug|x64
		{8F89C743-14C8-4442-812F-1F1816FFB88D}.Debug|x64.Build.0 = Debug|x64
		{8F89C743-14C8-4442-812F-1F1816FFB88D}.Debug|x86.ActiveCfg = Debug|Win32
		{8F89C743-14C8-4442-812F-1F1816FFB88D}.Debug|x86.Build.0 = Debug|Win32
		{8F89C743-14C8-4442-812F-1F1816FFB88D}.Release|ARM64.ActiveCfg = Release|ARM64
		{8F89C743-14C8-4442-812F-1F1816FFB88D}.Release|ARM64.Build.0 = Release|ARM64
		{8F89C743-14C8-4442-812F-1F1816FFB88D}.Release|x64.ActiveCfg = Release|x64
		{8F89C743-14C8-4442-812F-1F1816FFB88D}.Release|x64.Build.0 = Release|x64
		{8F89C743-14C8-4442-812F-1F1816FFB88D}.Release|x86.ActiveCfg = Release|Win32
		{8F89C743-14C8-4442-812F-1F1816FFB88D}.Release|x86.Build.0 = Release|Win32
	EndGlobalSection
	GlobalSection(SolutionProperties) = preSolution
		HideSolutionNode = FALSE
	EndGlobalSection
	GlobalSection(NestedProjects) = preSolution
		{43C2BD57-4D61-42EC-B290-62A32B6FB5C7} = {D5A445AE-62BB-4677-BBB7-EE7BED5B8DEA}
		{074549F9-9197-41FE-A8ED-8BFA2A0E2549} = {D5A445AE-62BB-4677-BBB7-EE7BED5B8DEA}
		{9FC5B22F-D2AE-4021-8883-5D6B74C5ED71} = {2CD77DFC-7DEE-4A19-8558-4FC0E8C4D237}
		{7B115CBE-B478-4721-B38F-C3BE5563D581} = {47D6354B-2141-4E31-A528-4B86F9283DE9}
		{A17EB414-7D7A-4455-BEF7-CA8D149D0CB2} = {578E277E-04D1-495D-90F7-B0A7EE9FD538}
		{B2176F44-F97A-4403-948C-F21D56999C70} = {17B664B3-C93E-4723-AB24-4EBB84073B7D}
		{2B3E4F28-D499-4529-BEC1-E0ED2003A385} = {17B664B3-C93E-4723-AB24-4EBB84073B7D}
		{8F89C743-14C8-4442-812F-1F1816FFB88D} = {17B664B3-C93E-4723-AB24-4EBB84073B7D}
	EndGlobalSection
	GlobalSection(ExtensibilityGlobals) = postSolution
		SolutionGuid = {07B0657A-5FA8-44A3-9E5B-2FB4FC7A26CD}
	EndGlobalSection
EndGlobal
