<?xml version="1.0" encoding="utf-8"?>
<Project ToolsVersion="4.0" xmlns="http://schemas.microsoft.com/developer/msbuild/2003">
  <ItemGroup>
    <ClCompile Include="NSudoSweeper.cpp" />
    <ClCompile Include="NSudoSweeperCore.cpp">
      <Filter>NSudoSweeperCore</Filter>
    </ClCompile>
  </ItemGroup>
  <ItemGroup>
    <Filter Include="NSudoSweeperVersion">
      <UniqueIdentifier>{8a555299-2c92-4e4f-add5-10618b14c441}</UniqueIdentifier>
    </Filter>
    <Filter Include="NSudoSweeperCore">
      <UniqueIdentifier>{bf1c9163-a37b-4e96-83e6-ddd35af6f16b}</UniqueIdentifier>
    </Filter>
  </ItemGroup>
  <ItemGroup>
    <ResourceCompile Include="NSudoSweeperVersion.rc">
      <Filter>NSudoSweeperVersion</Filter>
    </ResourceCompile>
  </ItemGroup>
  <ItemGroup>
    <ClInclude Include="NSudoSweeperVersion.h">
      <Filter>NSudoSweeperVersion</Filter>
    </ClInclude>
    <ClInclude Include="NSudoSweeperCore.h">
      <Filter>NSudoSweeperCore</Filter>
    </ClInclude>
  </ItemGroup>
  <ItemGroup>
    <None Include="NSudoSweeperStandardCleanupHandler.toml" />
  </ItemGroup>
  <ItemGroup>
    <Manifest Include="NSudoSweeper.manifest" />
  </ItemGroup>
</Project>