<?xml version="1.0" encoding="utf-8"?>
<Project ToolsVersion="4.0" xmlns="http://schemas.microsoft.com/developer/msbuild/2003">
  <ItemGroup>
    <ClCompile Include="DllMain.cpp" />
  </ItemGroup>
  <ItemGroup>
    <None Include="NSudoAPI.def" />
    <None Include="NSudoAPI.props" />
  </ItemGroup>
  <ItemGroup>
    <ClInclude Include="Mile.Project.Properties.h" />
  </ItemGroup>
</Project>