<?xml version="1.0" encoding="utf-8"?>
<Project ToolsVersion="4.0" xmlns="http://schemas.microsoft.com/developer/msbuild/2003">
  <ItemGroup>
    <ClCompile Include="MouriOptimizationPlugin.cpp" />
    <ClCompile Include="MoDefragMemory.cpp">
      <Filter>Modules</Filter>
    </ClCompile>
    <ClCompile Include="MoEnableMicrosoftUpdate.cpp">
      <Filter>Modules</Filter>
    </ClCompile>
    <ClCompile Include="MoPurgeSystemRestorePoint.cpp">
      <Filter>Modules</Filter>
    </ClCompile>
    <ClCompile Include="MoPurgeDeliveryOptimizationCache.cpp">
      <Filter>Modules</Filter>
    </ClCompile>
    <ClCompile Include="MoPurgeWindowsEventLog.cpp">
      <Filter>Modules</Filter>
    </ClCompile>
    <ClCompile Include="MoUpdateAppXPackages.cpp">
      <Filter>Modules</Filter>
    </ClCompile>
    <ClCompile Include="MoPurgeCorruptedAppXPackages.cpp">
      <Filter>Modules</Filter>
    </ClCompile>
    <ClCompile Include="MoPurgeNuGetCache.cpp">
      <Filter>Modules</Filter>
    </ClCompile>
    <ClCompile Include="MoManageCompactOS.cpp">
      <Filter>Modules</Filter>
    </ClCompile>
    <ClCompile Include="MoPurgeVisualStudioCodeCache.cpp">
      <Filter>Modules</Filter>
    </ClCompile>
    <ClCompile Include="MoPurgeChromiumCache.cpp">
      <Filter>Modules</Filter>
    </ClCompile>
    <ClCompile Include="MoPurgeTridentCache.cpp">
      <Filter>Modules</Filter>
    </ClCompile>
    <ClCompile Include="MoPurgePackageCache.cpp">
      <Filter>Modules</Filter>
    </ClCompile>
    <ClCompile Include="MoPurgeVisualStudioInstallerCache.cpp">
      <Filter>Modules</Filter>
    </ClCompile>
    <ClCompile Include="MoPurgeGeckoCache.cpp">
      <Filter>Modules</Filter>
    </ClCompile>
  </ItemGroup>
  <ItemGroup>
    <None Include="MouriOptimizationPlugin.def" />
    <None Include="MouriOptimizationPlugin.props" />
    <None Include="Resources\en\Translations.toml">
      <Filter>Resources\en</Filter>
    </None>
    <None Include="Resources\zh-Hans\Translations.toml">
      <Filter>Resources\zh-Hans</Filter>
    </None>
  </ItemGroup>
  <ItemGroup>
    <ClInclude Include="Mile.Project.Properties.h" />
    <ClInclude Include="MouriOptimizationPlugin.h" />
    <ClInclude Include="resource.h" />
  </ItemGroup>
  <ItemGroup>
    <Filter Include="Modules">
      <UniqueIdentifier>{00d84d05-ab74-4945-a280-ceaa16f48c11}</UniqueIdentifier>
    </Filter>
    <Filter Include="Resources">
      <UniqueIdentifier>{975787bd-9e79-429e-83a0-b4578db89622}</UniqueIdentifier>
    </Filter>
    <Filter Include="Resources\zh-Hans">
      <UniqueIdentifier>{316a9b80-e875-4034-a240-e5ad2af7ef14}</UniqueIdentifier>
    </Filter>
    <Filter Include="Resources\en">
      <UniqueIdentifier>{6da1b7a9-8f67-4f63-a326-f882ddf0eaf0}</UniqueIdentifier>
    </Filter>
  </ItemGroup>
  <ItemGroup>
    <ResourceCompile Include="MouriOptimizationPlugin.rc" />
  </ItemGroup>
</Project>