<?xml version="1.0" encoding="utf-8"?>
<Project ToolsVersion="4.0" xmlns="http://schemas.microsoft.com/developer/msbuild/2003">
  <ItemGroup>
    <ClCompile Include="MouriOptimizationPlugin.cpp" />
    <ClCompile Include="MoDefragMemory.cpp">
      <Filter>Modules</Filter>
    </ClCompile>
    <ClCompile Include="MoEnableMicrosoftUpdate.cpp">
      <Filter>Modules</Filter>
    </ClCompile>
    <ClCompile Include="MoPurgeSystemRestorePoint.cpp">
      <Filter>Modules</Filter>
    </ClCompile>
    <ClCompile Include="MoPurgeDeliveryOptimizationCache.cpp">
      <Filter>Modules</Filter>
    </ClCompile>
    <ClCompile Include="MoPurgeWindowsEventLog.cpp">
      <Filter>Modules</Filter>
    </ClCompile>
    <ClCompile Include="MoUpdateAppXPackages.cpp">
      <Filter>Modules</Filter>
    </ClCompile>
    <ClCompile Include="MoPurgeCorruptedAppXPackages.cpp">
      <Filter>Modules</Filter>
    </ClCompile>
    <ClCompile Include="MoPurgeNuGetCache.cpp">
      <Filter>Modules</Filter>
    </ClCompile>
    <ClCompile Include="MoManageCompactOS.cpp">
      <Filter>Modules</Filter>
    </ClCompile>
    <ClCompile Include="MoPurgeVisualStudioCodeCache.cpp">
      <Filter>Modules</Filter>
    </ClCompile>
    <ClCompile Include="MoPurgeWebEngineCache.cpp">
      <Filter>Modules</Filter>
    </ClCompile>
  </ItemGroup>
  <ItemGroup>
    <None Include="MouriOptimizationPlugin.def" />
    <None Include="MouriOptimizationPlugin.props" />
  </ItemGroup>
  <ItemGroup>
    <ClInclude Include="Mile.Project.Properties.h" />
    <ClInclude Include="MouriOptimizationPlugin.h" />
  </ItemGroup>
  <ItemGroup>
    <Filter Include="Modules">
      <UniqueIdentifier>{00d84d05-ab74-4945-a280-ceaa16f48c11}</UniqueIdentifier>
    </Filter>
  </ItemGroup>
</Project>