<?xml version="1.0" encoding="utf-8"?>
<Project ToolsVersion="4.0" xmlns="http://schemas.microsoft.com/developer/msbuild/2003">
  <ItemGroup>
    <Filter Include="源代码">
      <UniqueIdentifier>{d471cba5-6446-405c-8f64-3aa80e98b9cc}</UniqueIdentifier>
    </Filter>
    <Filter Include="源代码\VC140">
      <UniqueIdentifier>{62ac15e9-31d3-4460-b482-9d5c6a09ff81}</UniqueIdentifier>
    </Filter>
    <Filter Include="源代码\VC140\cliext">
      <UniqueIdentifier>{d9c39b2b-375d-43b9-9b5e-65a82443f780}</UniqueIdentifier>
    </Filter>
    <Filter Include="源代码\VC140\CodeAnalysis">
      <UniqueIdentifier>{2d84ed2b-6046-4b5d-9864-bfd890d564d1}</UniqueIdentifier>
    </Filter>
    <Filter Include="源代码\VC140\cvt">
      <UniqueIdentifier>{5fd349f4-d707-4c7d-ade5-493c5abb2050}</UniqueIdentifier>
    </Filter>
    <Filter Include="源代码\VC140\experimental">
      <UniqueIdentifier>{38591aa2-8c6e-44a9-91ac-48e8510a667a}</UniqueIdentifier>
    </Filter>
    <Filter Include="源代码\VC140\Manifest">
      <UniqueIdentifier>{85ec7993-4339-4932-9daf-5ee9db375a19}</UniqueIdentifier>
    </Filter>
    <Filter Include="源代码\VC140\msclr">
      <UniqueIdentifier>{655a87a4-b8b2-4c8e-89c4-c8e8d13af232}</UniqueIdentifier>
    </Filter>
    <Filter Include="源代码\VC140\msclr\com">
      <UniqueIdentifier>{0b96706e-9b4d-4f7a-8eb0-4258668a7a06}</UniqueIdentifier>
    </Filter>
    <Filter Include="源代码\VC140\sys">
      <UniqueIdentifier>{b7e1a05c-5c8f-4414-9756-52209aad3854}</UniqueIdentifier>
    </Filter>
    <Filter Include="源代码\VC140\thr">
      <UniqueIdentifier>{c871fe7c-ba30-4b1a-acd8-06c91457fdd8}</UniqueIdentifier>
    </Filter>
    <Filter Include="Libx86">
      <UniqueIdentifier>{fe368aaa-f2a4-47d0-a6b1-bb66c6960882}</UniqueIdentifier>
    </Filter>
    <Filter Include="Libx64">
      <UniqueIdentifier>{ce5d88aa-647b-464c-bfc9-2d2e9dfea40a}</UniqueIdentifier>
    </Filter>
  </ItemGroup>
  <ItemGroup>
    <ClInclude Include="$(MSBuildThisFileDirectory)VC140\agents.h">
      <Filter>源代码\VC140</Filter>
    </ClInclude>
    <ClInclude Include="$(MSBuildThisFileDirectory)VC140\agile.h">
      <Filter>源代码\VC140</Filter>
    </ClInclude>
    <ClInclude Include="$(MSBuildThisFileDirectory)VC140\ammintrin.h">
      <Filter>源代码\VC140</Filter>
    </ClInclude>
    <ClInclude Include="$(MSBuildThisFileDirectory)VC140\amp.h">
      <Filter>源代码\VC140</Filter>
    </ClInclude>
    <ClInclude Include="$(MSBuildThisFileDirectory)VC140\amp_graphics.h">
      <Filter>源代码\VC140</Filter>
    </ClInclude>
    <ClInclude Include="$(MSBuildThisFileDirectory)VC140\amp_math.h">
      <Filter>源代码\VC140</Filter>
    </ClInclude>
    <ClInclude Include="$(MSBuildThisFileDirectory)VC140\amp_short_vectors.h">
      <Filter>源代码\VC140</Filter>
    </ClInclude>
    <ClInclude Include="$(MSBuildThisFileDirectory)VC140\amprt.h">
      <Filter>源代码\VC140</Filter>
    </ClInclude>
    <ClInclude Include="$(MSBuildThisFileDirectory)VC140\amprt_exceptions.h">
      <Filter>源代码\VC140</Filter>
    </ClInclude>
    <ClInclude Include="$(MSBuildThisFileDirectory)VC140\arm_neon.h">
      <Filter>源代码\VC140</Filter>
    </ClInclude>
    <ClInclude Include="$(MSBuildThisFileDirectory)VC140\armintr.h">
      <Filter>源代码\VC140</Filter>
    </ClInclude>
    <ClInclude Include="$(MSBuildThisFileDirectory)VC140\assert.h">
      <Filter>源代码\VC140</Filter>
    </ClInclude>
    <ClInclude Include="$(MSBuildThisFileDirectory)VC140\collection.h">
      <Filter>源代码\VC140</Filter>
    </ClInclude>
    <ClInclude Include="$(MSBuildThisFileDirectory)VC140\comdef.h">
      <Filter>源代码\VC140</Filter>
    </ClInclude>
    <ClInclude Include="$(MSBuildThisFileDirectory)VC140\comdefsp.h">
      <Filter>源代码\VC140</Filter>
    </ClInclude>
    <ClInclude Include="$(MSBuildThisFileDirectory)VC140\comip.h">
      <Filter>源代码\VC140</Filter>
    </ClInclude>
    <ClInclude Include="$(MSBuildThisFileDirectory)VC140\complex.h">
      <Filter>源代码\VC140</Filter>
    </ClInclude>
    <ClInclude Include="$(MSBuildThisFileDirectory)VC140\comutil.h">
      <Filter>源代码\VC140</Filter>
    </ClInclude>
    <ClInclude Include="$(MSBuildThisFileDirectory)VC140\concrt.h">
      <Filter>源代码\VC140</Filter>
    </ClInclude>
    <ClInclude Include="$(MSBuildThisFileDirectory)VC140\concrtrm.h">
      <Filter>源代码\VC140</Filter>
    </ClInclude>
    <ClInclude Include="$(MSBuildThisFileDirectory)VC140\ConcurrencySal.h">
      <Filter>源代码\VC140</Filter>
    </ClInclude>
    <ClInclude Include="$(MSBuildThisFileDirectory)VC140\concurrent_priority_queue.h">
      <Filter>源代码\VC140</Filter>
    </ClInclude>
    <ClInclude Include="$(MSBuildThisFileDirectory)VC140\concurrent_queue.h">
      <Filter>源代码\VC140</Filter>
    </ClInclude>
    <ClInclude Include="$(MSBuildThisFileDirectory)VC140\concurrent_unordered_map.h">
      <Filter>源代码\VC140</Filter>
    </ClInclude>
    <ClInclude Include="$(MSBuildThisFileDirectory)VC140\concurrent_unordered_set.h">
      <Filter>源代码\VC140</Filter>
    </ClInclude>
    <ClInclude Include="$(MSBuildThisFileDirectory)VC140\concurrent_vector.h">
      <Filter>源代码\VC140</Filter>
    </ClInclude>
    <ClInclude Include="$(MSBuildThisFileDirectory)VC140\conio.h">
      <Filter>源代码\VC140</Filter>
    </ClInclude>
    <ClInclude Include="$(MSBuildThisFileDirectory)VC140\corecrt.h">
      <Filter>源代码\VC140</Filter>
    </ClInclude>
    <ClInclude Include="$(MSBuildThisFileDirectory)VC140\corecrt_io.h">
      <Filter>源代码\VC140</Filter>
    </ClInclude>
    <ClInclude Include="$(MSBuildThisFileDirectory)VC140\corecrt_malloc.h">
      <Filter>源代码\VC140</Filter>
    </ClInclude>
    <ClInclude Include="$(MSBuildThisFileDirectory)VC140\corecrt_memcpy_s.h">
      <Filter>源代码\VC140</Filter>
    </ClInclude>
    <ClInclude Include="$(MSBuildThisFileDirectory)VC140\corecrt_memory.h">
      <Filter>源代码\VC140</Filter>
    </ClInclude>
    <ClInclude Include="$(MSBuildThisFileDirectory)VC140\corecrt_search.h">
      <Filter>源代码\VC140</Filter>
    </ClInclude>
    <ClInclude Include="$(MSBuildThisFileDirectory)VC140\corecrt_share.h">
      <Filter>源代码\VC140</Filter>
    </ClInclude>
    <ClInclude Include="$(MSBuildThisFileDirectory)VC140\corecrt_startup.h">
      <Filter>源代码\VC140</Filter>
    </ClInclude>
    <ClInclude Include="$(MSBuildThisFileDirectory)VC140\corecrt_stdio_config.h">
      <Filter>源代码\VC140</Filter>
    </ClInclude>
    <ClInclude Include="$(MSBuildThisFileDirectory)VC140\corecrt_terminate.h">
      <Filter>源代码\VC140</Filter>
    </ClInclude>
    <ClInclude Include="$(MSBuildThisFileDirectory)VC140\corecrt_wconio.h">
      <Filter>源代码\VC140</Filter>
    </ClInclude>
    <ClInclude Include="$(MSBuildThisFileDirectory)VC140\corecrt_wctype.h">
      <Filter>源代码\VC140</Filter>
    </ClInclude>
    <ClInclude Include="$(MSBuildThisFileDirectory)VC140\corecrt_wdirect.h">
      <Filter>源代码\VC140</Filter>
    </ClInclude>
    <ClInclude Include="$(MSBuildThisFileDirectory)VC140\corecrt_wio.h">
      <Filter>源代码\VC140</Filter>
    </ClInclude>
    <ClInclude Include="$(MSBuildThisFileDirectory)VC140\corecrt_wprocess.h">
      <Filter>源代码\VC140</Filter>
    </ClInclude>
    <ClInclude Include="$(MSBuildThisFileDirectory)VC140\corecrt_wstdio.h">
      <Filter>源代码\VC140</Filter>
    </ClInclude>
    <ClInclude Include="$(MSBuildThisFileDirectory)VC140\corecrt_wstdlib.h">
      <Filter>源代码\VC140</Filter>
    </ClInclude>
    <ClInclude Include="$(MSBuildThisFileDirectory)VC140\corecrt_wstring.h">
      <Filter>源代码\VC140</Filter>
    </ClInclude>
    <ClInclude Include="$(MSBuildThisFileDirectory)VC140\corecrt_wtime.h">
      <Filter>源代码\VC140</Filter>
    </ClInclude>
    <ClInclude Include="$(MSBuildThisFileDirectory)VC140\crtdbg.h">
      <Filter>源代码\VC140</Filter>
    </ClInclude>
    <ClInclude Include="$(MSBuildThisFileDirectory)VC140\crtdefs.h">
      <Filter>源代码\VC140</Filter>
    </ClInclude>
    <ClInclude Include="$(MSBuildThisFileDirectory)VC140\crtversion.h">
      <Filter>源代码\VC140</Filter>
    </ClInclude>
    <ClInclude Include="$(MSBuildThisFileDirectory)VC140\ctype.h">
      <Filter>源代码\VC140</Filter>
    </ClInclude>
    <ClInclude Include="$(MSBuildThisFileDirectory)VC140\delayimp.h">
      <Filter>源代码\VC140</Filter>
    </ClInclude>
    <ClInclude Include="$(MSBuildThisFileDirectory)VC140\direct.h">
      <Filter>源代码\VC140</Filter>
    </ClInclude>
    <ClInclude Include="$(MSBuildThisFileDirectory)VC140\dos.h">
      <Filter>源代码\VC140</Filter>
    </ClInclude>
    <ClInclude Include="$(MSBuildThisFileDirectory)VC140\dvec.h">
      <Filter>源代码\VC140</Filter>
    </ClInclude>
    <ClInclude Include="$(MSBuildThisFileDirectory)VC140\eh.h">
      <Filter>源代码\VC140</Filter>
    </ClInclude>
    <ClInclude Include="$(MSBuildThisFileDirectory)VC140\emmintrin.h">
      <Filter>源代码\VC140</Filter>
    </ClInclude>
    <ClInclude Include="$(MSBuildThisFileDirectory)VC140\errno.h">
      <Filter>源代码\VC140</Filter>
    </ClInclude>
    <ClInclude Include="$(MSBuildThisFileDirectory)VC140\excpt.h">
      <Filter>源代码\VC140</Filter>
    </ClInclude>
    <ClInclude Include="$(MSBuildThisFileDirectory)VC140\fcntl.h">
      <Filter>源代码\VC140</Filter>
    </ClInclude>
    <ClInclude Include="$(MSBuildThisFileDirectory)VC140\fenv.h">
      <Filter>源代码\VC140</Filter>
    </ClInclude>
    <ClInclude Include="$(MSBuildThisFileDirectory)VC140\float.h">
      <Filter>源代码\VC140</Filter>
    </ClInclude>
    <ClInclude Include="$(MSBuildThisFileDirectory)VC140\fpieee.h">
      <Filter>源代码\VC140</Filter>
    </ClInclude>
    <ClInclude Include="$(MSBuildThisFileDirectory)VC140\fvec.h">
      <Filter>源代码\VC140</Filter>
    </ClInclude>
    <ClInclude Include="$(MSBuildThisFileDirectory)VC140\gcroot.h">
      <Filter>源代码\VC140</Filter>
    </ClInclude>
    <ClInclude Include="$(MSBuildThisFileDirectory)VC140\immintrin.h">
      <Filter>源代码\VC140</Filter>
    </ClInclude>
    <ClInclude Include="$(MSBuildThisFileDirectory)VC140\internal_concurrent_hash.h">
      <Filter>源代码\VC140</Filter>
    </ClInclude>
    <ClInclude Include="$(MSBuildThisFileDirectory)VC140\internal_split_ordered_list.h">
      <Filter>源代码\VC140</Filter>
    </ClInclude>
    <ClInclude Include="$(MSBuildThisFileDirectory)VC140\intrin.h">
      <Filter>源代码\VC140</Filter>
    </ClInclude>
    <ClInclude Include="$(MSBuildThisFileDirectory)VC140\inttypes.h">
      <Filter>源代码\VC140</Filter>
    </ClInclude>
    <ClInclude Include="$(MSBuildThisFileDirectory)VC140\invkprxy.h">
      <Filter>源代码\VC140</Filter>
    </ClInclude>
    <ClInclude Include="$(MSBuildThisFileDirectory)VC140\io.h">
      <Filter>源代码\VC140</Filter>
    </ClInclude>
    <ClInclude Include="$(MSBuildThisFileDirectory)VC140\iso646.h">
      <Filter>源代码\VC140</Filter>
    </ClInclude>
    <ClInclude Include="$(MSBuildThisFileDirectory)VC140\ivec.h">
      <Filter>源代码\VC140</Filter>
    </ClInclude>
    <ClInclude Include="$(MSBuildThisFileDirectory)VC140\limits.h">
      <Filter>源代码\VC140</Filter>
    </ClInclude>
    <ClInclude Include="$(MSBuildThisFileDirectory)VC140\locale.h">
      <Filter>源代码\VC140</Filter>
    </ClInclude>
    <ClInclude Include="$(MSBuildThisFileDirectory)VC140\malloc.h">
      <Filter>源代码\VC140</Filter>
    </ClInclude>
    <ClInclude Include="$(MSBuildThisFileDirectory)VC140\math.h">
      <Filter>源代码\VC140</Filter>
    </ClInclude>
    <ClInclude Include="$(MSBuildThisFileDirectory)VC140\mbctype.h">
      <Filter>源代码\VC140</Filter>
    </ClInclude>
    <ClInclude Include="$(MSBuildThisFileDirectory)VC140\mbstring.h">
      <Filter>源代码\VC140</Filter>
    </ClInclude>
    <ClInclude Include="$(MSBuildThisFileDirectory)VC140\memory.h">
      <Filter>源代码\VC140</Filter>
    </ClInclude>
    <ClInclude Include="$(MSBuildThisFileDirectory)VC140\minmax.h">
      <Filter>源代码\VC140</Filter>
    </ClInclude>
    <ClInclude Include="$(MSBuildThisFileDirectory)VC140\mm3dnow.h">
      <Filter>源代码\VC140</Filter>
    </ClInclude>
    <ClInclude Include="$(MSBuildThisFileDirectory)VC140\mmintrin.h">
      <Filter>源代码\VC140</Filter>
    </ClInclude>
    <ClInclude Include="$(MSBuildThisFileDirectory)VC140\new.h">
      <Filter>源代码\VC140</Filter>
    </ClInclude>
    <ClInclude Include="$(MSBuildThisFileDirectory)VC140\nmmintrin.h">
      <Filter>源代码\VC140</Filter>
    </ClInclude>
    <ClInclude Include="$(MSBuildThisFileDirectory)VC140\omp.h">
      <Filter>源代码\VC140</Filter>
    </ClInclude>
    <ClInclude Include="$(MSBuildThisFileDirectory)VC140\pgobootrun.h">
      <Filter>源代码\VC140</Filter>
    </ClInclude>
    <ClInclude Include="$(MSBuildThisFileDirectory)VC140\pmmintrin.h">
      <Filter>源代码\VC140</Filter>
    </ClInclude>
    <ClInclude Include="$(MSBuildThisFileDirectory)VC140\ppl.h">
      <Filter>源代码\VC140</Filter>
    </ClInclude>
    <ClInclude Include="$(MSBuildThisFileDirectory)VC140\pplawait.h">
      <Filter>源代码\VC140</Filter>
    </ClInclude>
    <ClInclude Include="$(MSBuildThisFileDirectory)VC140\pplcancellation_token.h">
      <Filter>源代码\VC140</Filter>
    </ClInclude>
    <ClInclude Include="$(MSBuildThisFileDirectory)VC140\pplinterface.h">
      <Filter>源代码\VC140</Filter>
    </ClInclude>
    <ClInclude Include="$(MSBuildThisFileDirectory)VC140\ppltasks.h">
      <Filter>源代码\VC140</Filter>
    </ClInclude>
    <ClInclude Include="$(MSBuildThisFileDirectory)VC140\ppltaskscheduler.h">
      <Filter>源代码\VC140</Filter>
    </ClInclude>
    <ClInclude Include="$(MSBuildThisFileDirectory)VC140\pplwin.h">
      <Filter>源代码\VC140</Filter>
    </ClInclude>
    <ClInclude Include="$(MSBuildThisFileDirectory)VC140\process.h">
      <Filter>源代码\VC140</Filter>
    </ClInclude>
    <ClInclude Include="$(MSBuildThisFileDirectory)VC140\rtcapi.h">
      <Filter>源代码\VC140</Filter>
    </ClInclude>
    <ClInclude Include="$(MSBuildThisFileDirectory)VC140\safeint.h">
      <Filter>源代码\VC140</Filter>
    </ClInclude>
    <ClInclude Include="$(MSBuildThisFileDirectory)VC140\safeint_internal.h">
      <Filter>源代码\VC140</Filter>
    </ClInclude>
    <ClInclude Include="$(MSBuildThisFileDirectory)VC140\sal.h">
      <Filter>源代码\VC140</Filter>
    </ClInclude>
    <ClInclude Include="$(MSBuildThisFileDirectory)VC140\search.h">
      <Filter>源代码\VC140</Filter>
    </ClInclude>
    <ClInclude Include="$(MSBuildThisFileDirectory)VC140\setjmp.h">
      <Filter>源代码\VC140</Filter>
    </ClInclude>
    <ClInclude Include="$(MSBuildThisFileDirectory)VC140\setjmpex.h">
      <Filter>源代码\VC140</Filter>
    </ClInclude>
    <ClInclude Include="$(MSBuildThisFileDirectory)VC140\share.h">
      <Filter>源代码\VC140</Filter>
    </ClInclude>
    <ClInclude Include="$(MSBuildThisFileDirectory)VC140\signal.h">
      <Filter>源代码\VC140</Filter>
    </ClInclude>
    <ClInclude Include="$(MSBuildThisFileDirectory)VC140\smmintrin.h">
      <Filter>源代码\VC140</Filter>
    </ClInclude>
    <ClInclude Include="$(MSBuildThisFileDirectory)VC140\srv.h">
      <Filter>源代码\VC140</Filter>
    </ClInclude>
    <ClInclude Include="$(MSBuildThisFileDirectory)VC140\stdarg.h">
      <Filter>源代码\VC140</Filter>
    </ClInclude>
    <ClInclude Include="$(MSBuildThisFileDirectory)VC140\stdbool.h">
      <Filter>源代码\VC140</Filter>
    </ClInclude>
    <ClInclude Include="$(MSBuildThisFileDirectory)VC140\stddef.h">
      <Filter>源代码\VC140</Filter>
    </ClInclude>
    <ClInclude Include="$(MSBuildThisFileDirectory)VC140\stdexcpt.h">
      <Filter>源代码\VC140</Filter>
    </ClInclude>
    <ClInclude Include="$(MSBuildThisFileDirectory)VC140\stdint.h">
      <Filter>源代码\VC140</Filter>
    </ClInclude>
    <ClInclude Include="$(MSBuildThisFileDirectory)VC140\stdio.h">
      <Filter>源代码\VC140</Filter>
    </ClInclude>
    <ClInclude Include="$(MSBuildThisFileDirectory)VC140\stdlib.h">
      <Filter>源代码\VC140</Filter>
    </ClInclude>
    <ClInclude Include="$(MSBuildThisFileDirectory)VC140\string.h">
      <Filter>源代码\VC140</Filter>
    </ClInclude>
    <ClInclude Include="$(MSBuildThisFileDirectory)VC140\tchar.h">
      <Filter>源代码\VC140</Filter>
    </ClInclude>
    <ClInclude Include="$(MSBuildThisFileDirectory)VC140\time.h">
      <Filter>源代码\VC140</Filter>
    </ClInclude>
    <ClInclude Include="$(MSBuildThisFileDirectory)VC140\tmmintrin.h">
      <Filter>源代码\VC140</Filter>
    </ClInclude>
    <ClInclude Include="$(MSBuildThisFileDirectory)VC140\typeinfo.h">
      <Filter>源代码\VC140</Filter>
    </ClInclude>
    <ClInclude Include="$(MSBuildThisFileDirectory)VC140\uchar.h">
      <Filter>源代码\VC140</Filter>
    </ClInclude>
    <ClInclude Include="$(MSBuildThisFileDirectory)VC140\use_ansi.h">
      <Filter>源代码\VC140</Filter>
    </ClInclude>
    <ClInclude Include="$(MSBuildThisFileDirectory)VC140\vadefs.h">
      <Filter>源代码\VC140</Filter>
    </ClInclude>
    <ClInclude Include="$(MSBuildThisFileDirectory)VC140\varargs.h">
      <Filter>源代码\VC140</Filter>
    </ClInclude>
    <ClInclude Include="$(MSBuildThisFileDirectory)VC140\vcclr.h">
      <Filter>源代码\VC140</Filter>
    </ClInclude>
    <ClInclude Include="$(MSBuildThisFileDirectory)VC140\vccorlib.h">
      <Filter>源代码\VC140</Filter>
    </ClInclude>
    <ClInclude Include="$(MSBuildThisFileDirectory)VC140\vcruntime.h">
      <Filter>源代码\VC140</Filter>
    </ClInclude>
    <ClInclude Include="$(MSBuildThisFileDirectory)VC140\vcruntime_exception.h">
      <Filter>源代码\VC140</Filter>
    </ClInclude>
    <ClInclude Include="$(MSBuildThisFileDirectory)VC140\vcruntime_new.h">
      <Filter>源代码\VC140</Filter>
    </ClInclude>
    <ClInclude Include="$(MSBuildThisFileDirectory)VC140\vcruntime_new_debug.h">
      <Filter>源代码\VC140</Filter>
    </ClInclude>
    <ClInclude Include="$(MSBuildThisFileDirectory)VC140\vcruntime_startup.h">
      <Filter>源代码\VC140</Filter>
    </ClInclude>
    <ClInclude Include="$(MSBuildThisFileDirectory)VC140\vcruntime_string.h">
      <Filter>源代码\VC140</Filter>
    </ClInclude>
    <ClInclude Include="$(MSBuildThisFileDirectory)VC140\vcruntime_typeinfo.h">
      <Filter>源代码\VC140</Filter>
    </ClInclude>
    <ClInclude Include="$(MSBuildThisFileDirectory)VC140\vsgcapture.h">
      <Filter>源代码\VC140</Filter>
    </ClInclude>
    <ClInclude Include="$(MSBuildThisFileDirectory)VC140\wchar.h">
      <Filter>源代码\VC140</Filter>
    </ClInclude>
    <ClInclude Include="$(MSBuildThisFileDirectory)VC140\wctype.h">
      <Filter>源代码\VC140</Filter>
    </ClInclude>
    <ClInclude Include="$(MSBuildThisFileDirectory)VC140\wmmintrin.h">
      <Filter>源代码\VC140</Filter>
    </ClInclude>
    <ClInclude Include="$(MSBuildThisFileDirectory)VC140\xatomic.h">
      <Filter>源代码\VC140</Filter>
    </ClInclude>
    <ClInclude Include="$(MSBuildThisFileDirectory)VC140\xatomic0.h">
      <Filter>源代码\VC140</Filter>
    </ClInclude>
    <ClInclude Include="$(MSBuildThisFileDirectory)VC140\xkeycheck.h">
      <Filter>源代码\VC140</Filter>
    </ClInclude>
    <ClInclude Include="$(MSBuildThisFileDirectory)VC140\xlocinfo.h">
      <Filter>源代码\VC140</Filter>
    </ClInclude>
    <ClInclude Include="$(MSBuildThisFileDirectory)VC140\xmmintrin.h">
      <Filter>源代码\VC140</Filter>
    </ClInclude>
    <ClInclude Include="$(MSBuildThisFileDirectory)VC140\xtgmath.h">
      <Filter>源代码\VC140</Filter>
    </ClInclude>
    <ClInclude Include="$(MSBuildThisFileDirectory)VC140\xxamp.h">
      <Filter>源代码\VC140</Filter>
    </ClInclude>
    <ClInclude Include="$(MSBuildThisFileDirectory)VC140\xxamp_inl.h">
      <Filter>源代码\VC140</Filter>
    </ClInclude>
    <ClInclude Include="$(MSBuildThisFileDirectory)VC140\ymath.h">
      <Filter>源代码\VC140</Filter>
    </ClInclude>
    <ClInclude Include="$(MSBuildThisFileDirectory)VC140\yvals.h">
      <Filter>源代码\VC140</Filter>
    </ClInclude>
    <ClInclude Include="$(MSBuildThisFileDirectory)VC140\CodeAnalysis\sourceannotations.h">
      <Filter>源代码\VC140\CodeAnalysis</Filter>
    </ClInclude>
    <ClInclude Include="$(MSBuildThisFileDirectory)VC140\CodeAnalysis\Warnings.h">
      <Filter>源代码\VC140\CodeAnalysis</Filter>
    </ClInclude>
    <ClInclude Include="$(MSBuildThisFileDirectory)VC140\msclr\all.h">
      <Filter>源代码\VC140\msclr</Filter>
    </ClInclude>
    <ClInclude Include="$(MSBuildThisFileDirectory)VC140\msclr\appdomain.h">
      <Filter>源代码\VC140\msclr</Filter>
    </ClInclude>
    <ClInclude Include="$(MSBuildThisFileDirectory)VC140\msclr\auto_gcroot.h">
      <Filter>源代码\VC140\msclr</Filter>
    </ClInclude>
    <ClInclude Include="$(MSBuildThisFileDirectory)VC140\msclr\auto_handle.h">
      <Filter>源代码\VC140\msclr</Filter>
    </ClInclude>
    <ClInclude Include="$(MSBuildThisFileDirectory)VC140\msclr\event.h">
      <Filter>源代码\VC140\msclr</Filter>
    </ClInclude>
    <ClInclude Include="$(MSBuildThisFileDirectory)VC140\msclr\gcroot.h">
      <Filter>源代码\VC140\msclr</Filter>
    </ClInclude>
    <ClInclude Include="$(MSBuildThisFileDirectory)VC140\msclr\lock.h">
      <Filter>源代码\VC140\msclr</Filter>
    </ClInclude>
    <ClInclude Include="$(MSBuildThisFileDirectory)VC140\msclr\marshal.h">
      <Filter>源代码\VC140\msclr</Filter>
    </ClInclude>
    <ClInclude Include="$(MSBuildThisFileDirectory)VC140\msclr\marshal_atl.h">
      <Filter>源代码\VC140\msclr</Filter>
    </ClInclude>
    <ClInclude Include="$(MSBuildThisFileDirectory)VC140\msclr\marshal_cppstd.h">
      <Filter>源代码\VC140\msclr</Filter>
    </ClInclude>
    <ClInclude Include="$(MSBuildThisFileDirectory)VC140\msclr\marshal_windows.h">
      <Filter>源代码\VC140\msclr</Filter>
    </ClInclude>
    <ClInclude Include="$(MSBuildThisFileDirectory)VC140\msclr\safebool.h">
      <Filter>源代码\VC140\msclr</Filter>
    </ClInclude>
    <ClInclude Include="$(MSBuildThisFileDirectory)VC140\msclr\com\ptr.h">
      <Filter>源代码\VC140\msclr\com</Filter>
    </ClInclude>
    <ClInclude Include="$(MSBuildThisFileDirectory)VC140\sys\locking.h">
      <Filter>源代码\VC140\sys</Filter>
    </ClInclude>
    <ClInclude Include="$(MSBuildThisFileDirectory)VC140\sys\stat.h">
      <Filter>源代码\VC140\sys</Filter>
    </ClInclude>
    <ClInclude Include="$(MSBuildThisFileDirectory)VC140\sys\timeb.h">
      <Filter>源代码\VC140\sys</Filter>
    </ClInclude>
    <ClInclude Include="$(MSBuildThisFileDirectory)VC140\sys\types.h">
      <Filter>源代码\VC140\sys</Filter>
    </ClInclude>
    <ClInclude Include="$(MSBuildThisFileDirectory)VC140\sys\utime.h">
      <Filter>源代码\VC140\sys</Filter>
    </ClInclude>
    <ClInclude Include="$(MSBuildThisFileDirectory)VC140\thr\threads.h">
      <Filter>源代码\VC140\thr</Filter>
    </ClInclude>
    <ClInclude Include="$(MSBuildThisFileDirectory)VC140\thr\xthrcommon.h">
      <Filter>源代码\VC140\thr</Filter>
    </ClInclude>
    <ClInclude Include="$(MSBuildThisFileDirectory)VC140\thr\xthreads.h">
      <Filter>源代码\VC140\thr</Filter>
    </ClInclude>
    <ClInclude Include="$(MSBuildThisFileDirectory)VC140\thr\xtimec.h">
      <Filter>源代码\VC140\thr</Filter>
    </ClInclude>
    <ClInclude Include="$(MSBuildThisFileDirectory)_msvcrt.h">
      <Filter>源代码</Filter>
    </ClInclude>
  </ItemGroup>
  <ItemGroup>
    <None Include="$(MSBuildThisFileDirectory)VC140\algorithm">
      <Filter>源代码\VC140</Filter>
    </None>
    <None Include="$(MSBuildThisFileDirectory)VC140\allocators">
      <Filter>源代码\VC140</Filter>
    </None>
    <None Include="$(MSBuildThisFileDirectory)VC140\array">
      <Filter>源代码\VC140</Filter>
    </None>
    <None Include="$(MSBuildThisFileDirectory)VC140\atomic">
      <Filter>源代码\VC140</Filter>
    </None>
    <None Include="$(MSBuildThisFileDirectory)VC140\bitset">
      <Filter>源代码\VC140</Filter>
    </None>
    <None Include="$(MSBuildThisFileDirectory)VC140\cassert">
      <Filter>源代码\VC140</Filter>
    </None>
    <None Include="$(MSBuildThisFileDirectory)VC140\ccomplex">
      <Filter>源代码\VC140</Filter>
    </None>
    <None Include="$(MSBuildThisFileDirectory)VC140\cctype">
      <Filter>源代码\VC140</Filter>
    </None>
    <None Include="$(MSBuildThisFileDirectory)VC140\cerrno">
      <Filter>源代码\VC140</Filter>
    </None>
    <None Include="$(MSBuildThisFileDirectory)VC140\cfenv">
      <Filter>源代码\VC140</Filter>
    </None>
    <None Include="$(MSBuildThisFileDirectory)VC140\cfloat">
      <Filter>源代码\VC140</Filter>
    </None>
    <None Include="$(MSBuildThisFileDirectory)VC140\chrono">
      <Filter>源代码\VC140</Filter>
    </None>
    <None Include="$(MSBuildThisFileDirectory)VC140\cinttypes">
      <Filter>源代码\VC140</Filter>
    </None>
    <None Include="$(MSBuildThisFileDirectory)VC140\ciso646">
      <Filter>源代码\VC140</Filter>
    </None>
    <None Include="$(MSBuildThisFileDirectory)VC140\climits">
      <Filter>源代码\VC140</Filter>
    </None>
    <None Include="$(MSBuildThisFileDirectory)VC140\clocale">
      <Filter>源代码\VC140</Filter>
    </None>
    <None Include="$(MSBuildThisFileDirectory)VC140\cmath">
      <Filter>源代码\VC140</Filter>
    </None>
    <None Include="$(MSBuildThisFileDirectory)VC140\codecvt">
      <Filter>源代码\VC140</Filter>
    </None>
    <None Include="$(MSBuildThisFileDirectory)VC140\complex">
      <Filter>源代码\VC140</Filter>
    </None>
    <None Include="$(MSBuildThisFileDirectory)VC140\condition_variable">
      <Filter>源代码\VC140</Filter>
    </None>
    <None Include="$(MSBuildThisFileDirectory)VC140\csetjmp">
      <Filter>源代码\VC140</Filter>
    </None>
    <None Include="$(MSBuildThisFileDirectory)VC140\csignal">
      <Filter>源代码\VC140</Filter>
    </None>
    <None Include="$(MSBuildThisFileDirectory)VC140\cstdarg">
      <Filter>源代码\VC140</Filter>
    </None>
    <None Include="$(MSBuildThisFileDirectory)VC140\cstdbool">
      <Filter>源代码\VC140</Filter>
    </None>
    <None Include="$(MSBuildThisFileDirectory)VC140\cstddef">
      <Filter>源代码\VC140</Filter>
    </None>
    <None Include="$(MSBuildThisFileDirectory)VC140\cstdint">
      <Filter>源代码\VC140</Filter>
    </None>
    <None Include="$(MSBuildThisFileDirectory)VC140\cstdio">
      <Filter>源代码\VC140</Filter>
    </None>
    <None Include="$(MSBuildThisFileDirectory)VC140\cstdlib">
      <Filter>源代码\VC140</Filter>
    </None>
    <None Include="$(MSBuildThisFileDirectory)VC140\cstring">
      <Filter>源代码\VC140</Filter>
    </None>
    <None Include="$(MSBuildThisFileDirectory)VC140\ctgmath">
      <Filter>源代码\VC140</Filter>
    </None>
    <None Include="$(MSBuildThisFileDirectory)VC140\ctime">
      <Filter>源代码\VC140</Filter>
    </None>
    <None Include="$(MSBuildThisFileDirectory)VC140\cuchar">
      <Filter>源代码\VC140</Filter>
    </None>
    <None Include="$(MSBuildThisFileDirectory)VC140\cwchar">
      <Filter>源代码\VC140</Filter>
    </None>
    <None Include="$(MSBuildThisFileDirectory)VC140\cwctype">
      <Filter>源代码\VC140</Filter>
    </None>
    <None Include="$(MSBuildThisFileDirectory)VC140\deque">
      <Filter>源代码\VC140</Filter>
    </None>
    <None Include="$(MSBuildThisFileDirectory)VC140\exception">
      <Filter>源代码\VC140</Filter>
    </None>
    <None Include="$(MSBuildThisFileDirectory)VC140\filesystem">
      <Filter>源代码\VC140</Filter>
    </None>
    <None Include="$(MSBuildThisFileDirectory)VC140\forward_list">
      <Filter>源代码\VC140</Filter>
    </None>
    <None Include="$(MSBuildThisFileDirectory)VC140\fstream">
      <Filter>源代码\VC140</Filter>
    </None>
    <None Include="$(MSBuildThisFileDirectory)VC140\functional">
      <Filter>源代码\VC140</Filter>
    </None>
    <None Include="$(MSBuildThisFileDirectory)VC140\future">
      <Filter>源代码\VC140</Filter>
    </None>
    <None Include="$(MSBuildThisFileDirectory)VC140\hash_map">
      <Filter>源代码\VC140</Filter>
    </None>
    <None Include="$(MSBuildThisFileDirectory)VC140\hash_set">
      <Filter>源代码\VC140</Filter>
    </None>
    <None Include="$(MSBuildThisFileDirectory)VC140\initializer_list">
      <Filter>源代码\VC140</Filter>
    </None>
    <None Include="$(MSBuildThisFileDirectory)VC140\iomanip">
      <Filter>源代码\VC140</Filter>
    </None>
    <None Include="$(MSBuildThisFileDirectory)VC140\ios">
      <Filter>源代码\VC140</Filter>
    </None>
    <None Include="$(MSBuildThisFileDirectory)VC140\iosfwd">
      <Filter>源代码\VC140</Filter>
    </None>
    <None Include="$(MSBuildThisFileDirectory)VC140\iostream">
      <Filter>源代码\VC140</Filter>
    </None>
    <None Include="$(MSBuildThisFileDirectory)VC140\istream">
      <Filter>源代码\VC140</Filter>
    </None>
    <None Include="$(MSBuildThisFileDirectory)VC140\iterator">
      <Filter>源代码\VC140</Filter>
    </None>
    <None Include="$(MSBuildThisFileDirectory)VC140\limits">
      <Filter>源代码\VC140</Filter>
    </None>
    <None Include="$(MSBuildThisFileDirectory)VC140\list">
      <Filter>源代码\VC140</Filter>
    </None>
    <None Include="$(MSBuildThisFileDirectory)VC140\listing.inc">
      <Filter>源代码\VC140</Filter>
    </None>
    <None Include="$(MSBuildThisFileDirectory)VC140\locale">
      <Filter>源代码\VC140</Filter>
    </None>
    <None Include="$(MSBuildThisFileDirectory)VC140\map">
      <Filter>源代码\VC140</Filter>
    </None>
    <None Include="$(MSBuildThisFileDirectory)VC140\memory">
      <Filter>源代码\VC140</Filter>
    </None>
    <None Include="$(MSBuildThisFileDirectory)VC140\mutex">
      <Filter>源代码\VC140</Filter>
    </None>
    <None Include="$(MSBuildThisFileDirectory)VC140\new">
      <Filter>源代码\VC140</Filter>
    </None>
    <None Include="$(MSBuildThisFileDirectory)VC140\numeric">
      <Filter>源代码\VC140</Filter>
    </None>
    <None Include="$(MSBuildThisFileDirectory)VC140\ostream">
      <Filter>源代码\VC140</Filter>
    </None>
    <None Include="$(MSBuildThisFileDirectory)VC140\queue">
      <Filter>源代码\VC140</Filter>
    </None>
    <None Include="$(MSBuildThisFileDirectory)VC140\random">
      <Filter>源代码\VC140</Filter>
    </None>
    <None Include="$(MSBuildThisFileDirectory)VC140\ratio">
      <Filter>源代码\VC140</Filter>
    </None>
    <None Include="$(MSBuildThisFileDirectory)VC140\regex">
      <Filter>源代码\VC140</Filter>
    </None>
    <None Include="$(MSBuildThisFileDirectory)VC140\scoped_allocator">
      <Filter>源代码\VC140</Filter>
    </None>
    <None Include="$(MSBuildThisFileDirectory)VC140\set">
      <Filter>源代码\VC140</Filter>
    </None>
    <None Include="$(MSBuildThisFileDirectory)VC140\shared_mutex">
      <Filter>源代码\VC140</Filter>
    </None>
    <None Include="$(MSBuildThisFileDirectory)VC140\sstream">
      <Filter>源代码\VC140</Filter>
    </None>
    <None Include="$(MSBuildThisFileDirectory)VC140\stack">
      <Filter>源代码\VC140</Filter>
    </None>
    <None Include="$(MSBuildThisFileDirectory)VC140\stdexcept">
      <Filter>源代码\VC140</Filter>
    </None>
    <None Include="$(MSBuildThisFileDirectory)VC140\streambuf">
      <Filter>源代码\VC140</Filter>
    </None>
    <None Include="$(MSBuildThisFileDirectory)VC140\string">
      <Filter>源代码\VC140</Filter>
    </None>
    <None Include="$(MSBuildThisFileDirectory)VC140\strstream">
      <Filter>源代码\VC140</Filter>
    </None>
    <None Include="$(MSBuildThisFileDirectory)VC140\system_error">
      <Filter>源代码\VC140</Filter>
    </None>
    <None Include="$(MSBuildThisFileDirectory)VC140\thread">
      <Filter>源代码\VC140</Filter>
    </None>
    <None Include="$(MSBuildThisFileDirectory)VC140\tuple">
      <Filter>源代码\VC140</Filter>
    </None>
    <None Include="$(MSBuildThisFileDirectory)VC140\type_traits">
      <Filter>源代码\VC140</Filter>
    </None>
    <None Include="$(MSBuildThisFileDirectory)VC140\typeindex">
      <Filter>源代码\VC140</Filter>
    </None>
    <None Include="$(MSBuildThisFileDirectory)VC140\typeinfo">
      <Filter>源代码\VC140</Filter>
    </None>
    <None Include="$(MSBuildThisFileDirectory)VC140\unordered_map">
      <Filter>源代码\VC140</Filter>
    </None>
    <None Include="$(MSBuildThisFileDirectory)VC140\unordered_set">
      <Filter>源代码\VC140</Filter>
    </None>
    <None Include="$(MSBuildThisFileDirectory)VC140\utility">
      <Filter>源代码\VC140</Filter>
    </None>
    <None Include="$(MSBuildThisFileDirectory)VC140\valarray">
      <Filter>源代码\VC140</Filter>
    </None>
    <None Include="$(MSBuildThisFileDirectory)VC140\vector">
      <Filter>源代码\VC140</Filter>
    </None>
    <None Include="$(MSBuildThisFileDirectory)VC140\xcomplex">
      <Filter>源代码\VC140</Filter>
    </None>
    <None Include="$(MSBuildThisFileDirectory)VC140\xfacet">
      <Filter>源代码\VC140</Filter>
    </None>
    <None Include="$(MSBuildThisFileDirectory)VC140\xfunctional">
      <Filter>源代码\VC140</Filter>
    </None>
    <None Include="$(MSBuildThisFileDirectory)VC140\xhash">
      <Filter>源代码\VC140</Filter>
    </None>
    <None Include="$(MSBuildThisFileDirectory)VC140\xiosbase">
      <Filter>源代码\VC140</Filter>
    </None>
    <None Include="$(MSBuildThisFileDirectory)VC140\xlocale">
      <Filter>源代码\VC140</Filter>
    </None>
    <None Include="$(MSBuildThisFileDirectory)VC140\xlocbuf">
      <Filter>源代码\VC140</Filter>
    </None>
    <None Include="$(MSBuildThisFileDirectory)VC140\xlocinfo">
      <Filter>源代码\VC140</Filter>
    </None>
    <None Include="$(MSBuildThisFileDirectory)VC140\xlocmes">
      <Filter>源代码\VC140</Filter>
    </None>
    <None Include="$(MSBuildThisFileDirectory)VC140\xlocmon">
      <Filter>源代码\VC140</Filter>
    </None>
    <None Include="$(MSBuildThisFileDirectory)VC140\xlocnum">
      <Filter>源代码\VC140</Filter>
    </None>
    <None Include="$(MSBuildThisFileDirectory)VC140\xloctime">
      <Filter>源代码\VC140</Filter>
    </None>
    <None Include="$(MSBuildThisFileDirectory)VC140\xmemory">
      <Filter>源代码\VC140</Filter>
    </None>
    <None Include="$(MSBuildThisFileDirectory)VC140\xmemory0">
      <Filter>源代码\VC140</Filter>
    </None>
    <None Include="$(MSBuildThisFileDirectory)VC140\xstddef">
      <Filter>源代码\VC140</Filter>
    </None>
    <None Include="$(MSBuildThisFileDirectory)VC140\xstring">
      <Filter>源代码\VC140</Filter>
    </None>
    <None Include="$(MSBuildThisFileDirectory)VC140\xtr1common">
      <Filter>源代码\VC140</Filter>
    </None>
    <None Include="$(MSBuildThisFileDirectory)VC140\xtree">
      <Filter>源代码\VC140</Filter>
    </None>
    <None Include="$(MSBuildThisFileDirectory)VC140\xutility">
      <Filter>源代码\VC140</Filter>
    </None>
    <None Include="$(MSBuildThisFileDirectory)VC140\xxatomic">
      <Filter>源代码\VC140</Filter>
    </None>
    <None Include="$(MSBuildThisFileDirectory)VC140\cliext\adapter">
      <Filter>源代码\VC140\cliext</Filter>
    </None>
    <None Include="$(MSBuildThisFileDirectory)VC140\cliext\algorithm">
      <Filter>源代码\VC140\cliext</Filter>
    </None>
    <None Include="$(MSBuildThisFileDirectory)VC140\cliext\deque">
      <Filter>源代码\VC140\cliext</Filter>
    </None>
    <None Include="$(MSBuildThisFileDirectory)VC140\cliext\functional">
      <Filter>源代码\VC140\cliext</Filter>
    </None>
    <None Include="$(MSBuildThisFileDirectory)VC140\cliext\hash_map">
      <Filter>源代码\VC140\cliext</Filter>
    </None>
    <None Include="$(MSBuildThisFileDirectory)VC140\cliext\hash_set">
      <Filter>源代码\VC140\cliext</Filter>
    </None>
    <None Include="$(MSBuildThisFileDirectory)VC140\cliext\iterator">
      <Filter>源代码\VC140\cliext</Filter>
    </None>
    <None Include="$(MSBuildThisFileDirectory)VC140\cliext\list">
      <Filter>源代码\VC140\cliext</Filter>
    </None>
    <None Include="$(MSBuildThisFileDirectory)VC140\cliext\map">
      <Filter>源代码\VC140\cliext</Filter>
    </None>
    <None Include="$(MSBuildThisFileDirectory)VC140\cliext\memory">
      <Filter>源代码\VC140\cliext</Filter>
    </None>
    <None Include="$(MSBuildThisFileDirectory)VC140\cliext\numeric">
      <Filter>源代码\VC140\cliext</Filter>
    </None>
    <None Include="$(MSBuildThisFileDirectory)VC140\cliext\queue">
      <Filter>源代码\VC140\cliext</Filter>
    </None>
    <None Include="$(MSBuildThisFileDirectory)VC140\cliext\set">
      <Filter>源代码\VC140\cliext</Filter>
    </None>
    <None Include="$(MSBuildThisFileDirectory)VC140\cliext\stack">
      <Filter>源代码\VC140\cliext</Filter>
    </None>
    <None Include="$(MSBuildThisFileDirectory)VC140\cliext\utility">
      <Filter>源代码\VC140\cliext</Filter>
    </None>
    <None Include="$(MSBuildThisFileDirectory)VC140\cliext\vector">
      <Filter>源代码\VC140\cliext</Filter>
    </None>
    <None Include="$(MSBuildThisFileDirectory)VC140\cliext\xhash">
      <Filter>源代码\VC140\cliext</Filter>
    </None>
    <None Include="$(MSBuildThisFileDirectory)VC140\cliext\xtree">
      <Filter>源代码\VC140\cliext</Filter>
    </None>
    <None Include="$(MSBuildThisFileDirectory)VC140\cliext\xutility">
      <Filter>源代码\VC140\cliext</Filter>
    </None>
    <None Include="$(MSBuildThisFileDirectory)VC140\cvt\8859_1">
      <Filter>源代码\VC140\cvt</Filter>
    </None>
    <None Include="$(MSBuildThisFileDirectory)VC140\cvt\8859_2">
      <Filter>源代码\VC140\cvt</Filter>
    </None>
    <None Include="$(MSBuildThisFileDirectory)VC140\cvt\8859_3">
      <Filter>源代码\VC140\cvt</Filter>
    </None>
    <None Include="$(MSBuildThisFileDirectory)VC140\cvt\8859_4">
      <Filter>源代码\VC140\cvt</Filter>
    </None>
    <None Include="$(MSBuildThisFileDirectory)VC140\cvt\8859_5">
      <Filter>源代码\VC140\cvt</Filter>
    </None>
    <None Include="$(MSBuildThisFileDirectory)VC140\cvt\8859_6">
      <Filter>源代码\VC140\cvt</Filter>
    </None>
    <None Include="$(MSBuildThisFileDirectory)VC140\cvt\8859_7">
      <Filter>源代码\VC140\cvt</Filter>
    </None>
    <None Include="$(MSBuildThisFileDirectory)VC140\cvt\8859_8">
      <Filter>源代码\VC140\cvt</Filter>
    </None>
    <None Include="$(MSBuildThisFileDirectory)VC140\cvt\8859_9">
      <Filter>源代码\VC140\cvt</Filter>
    </None>
    <None Include="$(MSBuildThisFileDirectory)VC140\cvt\8859_10">
      <Filter>源代码\VC140\cvt</Filter>
    </None>
    <None Include="$(MSBuildThisFileDirectory)VC140\cvt\8859_13">
      <Filter>源代码\VC140\cvt</Filter>
    </None>
    <None Include="$(MSBuildThisFileDirectory)VC140\cvt\8859_14">
      <Filter>源代码\VC140\cvt</Filter>
    </None>
    <None Include="$(MSBuildThisFileDirectory)VC140\cvt\8859_15">
      <Filter>源代码\VC140\cvt</Filter>
    </None>
    <None Include="$(MSBuildThisFileDirectory)VC140\cvt\8859_16">
      <Filter>源代码\VC140\cvt</Filter>
    </None>
    <None Include="$(MSBuildThisFileDirectory)VC140\cvt\baltic">
      <Filter>源代码\VC140\cvt</Filter>
    </None>
    <None Include="$(MSBuildThisFileDirectory)VC140\cvt\big5">
      <Filter>源代码\VC140\cvt</Filter>
    </None>
    <None Include="$(MSBuildThisFileDirectory)VC140\cvt\cp037">
      <Filter>源代码\VC140\cvt</Filter>
    </None>
    <None Include="$(MSBuildThisFileDirectory)VC140\cvt\cp424">
      <Filter>源代码\VC140\cvt</Filter>
    </None>
    <None Include="$(MSBuildThisFileDirectory)VC140\cvt\cp437">
      <Filter>源代码\VC140\cvt</Filter>
    </None>
    <None Include="$(MSBuildThisFileDirectory)VC140\cvt\cp500">
      <Filter>源代码\VC140\cvt</Filter>
    </None>
    <None Include="$(MSBuildThisFileDirectory)VC140\cvt\cp737">
      <Filter>源代码\VC140\cvt</Filter>
    </None>
    <None Include="$(MSBuildThisFileDirectory)VC140\cvt\cp775">
      <Filter>源代码\VC140\cvt</Filter>
    </None>
    <None Include="$(MSBuildThisFileDirectory)VC140\cvt\cp850">
      <Filter>源代码\VC140\cvt</Filter>
    </None>
    <None Include="$(MSBuildThisFileDirectory)VC140\cvt\cp852">
      <Filter>源代码\VC140\cvt</Filter>
    </None>
    <None Include="$(MSBuildThisFileDirectory)VC140\cvt\cp855">
      <Filter>源代码\VC140\cvt</Filter>
    </None>
    <None Include="$(MSBuildThisFileDirectory)VC140\cvt\cp856">
      <Filter>源代码\VC140\cvt</Filter>
    </None>
    <None Include="$(MSBuildThisFileDirectory)VC140\cvt\cp857">
      <Filter>源代码\VC140\cvt</Filter>
    </None>
    <None Include="$(MSBuildThisFileDirectory)VC140\cvt\cp860">
      <Filter>源代码\VC140\cvt</Filter>
    </None>
    <None Include="$(MSBuildThisFileDirectory)VC140\cvt\cp861">
      <Filter>源代码\VC140\cvt</Filter>
    </None>
    <None Include="$(MSBuildThisFileDirectory)VC140\cvt\cp862">
      <Filter>源代码\VC140\cvt</Filter>
    </None>
    <None Include="$(MSBuildThisFileDirectory)VC140\cvt\cp863">
      <Filter>源代码\VC140\cvt</Filter>
    </None>
    <None Include="$(MSBuildThisFileDirectory)VC140\cvt\cp864">
      <Filter>源代码\VC140\cvt</Filter>
    </None>
    <None Include="$(MSBuildThisFileDirectory)VC140\cvt\cp865">
      <Filter>源代码\VC140\cvt</Filter>
    </None>
    <None Include="$(MSBuildThisFileDirectory)VC140\cvt\cp866">
      <Filter>源代码\VC140\cvt</Filter>
    </None>
    <None Include="$(MSBuildThisFileDirectory)VC140\cvt\cp869">
      <Filter>源代码\VC140\cvt</Filter>
    </None>
    <None Include="$(MSBuildThisFileDirectory)VC140\cvt\cp874">
      <Filter>源代码\VC140\cvt</Filter>
    </None>
    <None Include="$(MSBuildThisFileDirectory)VC140\cvt\cp875">
      <Filter>源代码\VC140\cvt</Filter>
    </None>
    <None Include="$(MSBuildThisFileDirectory)VC140\cvt\cp932">
      <Filter>源代码\VC140\cvt</Filter>
    </None>
    <None Include="$(MSBuildThisFileDirectory)VC140\cvt\cp936">
      <Filter>源代码\VC140\cvt</Filter>
    </None>
    <None Include="$(MSBuildThisFileDirectory)VC140\cvt\cp949">
      <Filter>源代码\VC140\cvt</Filter>
    </None>
    <None Include="$(MSBuildThisFileDirectory)VC140\cvt\cp950">
      <Filter>源代码\VC140\cvt</Filter>
    </None>
    <None Include="$(MSBuildThisFileDirectory)VC140\cvt\cp1006">
      <Filter>源代码\VC140\cvt</Filter>
    </None>
    <None Include="$(MSBuildThisFileDirectory)VC140\cvt\cp1026">
      <Filter>源代码\VC140\cvt</Filter>
    </None>
    <None Include="$(MSBuildThisFileDirectory)VC140\cvt\cp1250">
      <Filter>源代码\VC140\cvt</Filter>
    </None>
    <None Include="$(MSBuildThisFileDirectory)VC140\cvt\cp1251">
      <Filter>源代码\VC140\cvt</Filter>
    </None>
    <None Include="$(MSBuildThisFileDirectory)VC140\cvt\cp1252">
      <Filter>源代码\VC140\cvt</Filter>
    </None>
    <None Include="$(MSBuildThisFileDirectory)VC140\cvt\cp1253">
      <Filter>源代码\VC140\cvt</Filter>
    </None>
    <None Include="$(MSBuildThisFileDirectory)VC140\cvt\cp1254">
      <Filter>源代码\VC140\cvt</Filter>
    </None>
    <None Include="$(MSBuildThisFileDirectory)VC140\cvt\cp1255">
      <Filter>源代码\VC140\cvt</Filter>
    </None>
    <None Include="$(MSBuildThisFileDirectory)VC140\cvt\cp1256">
      <Filter>源代码\VC140\cvt</Filter>
    </None>
    <None Include="$(MSBuildThisFileDirectory)VC140\cvt\cp1257">
      <Filter>源代码\VC140\cvt</Filter>
    </None>
    <None Include="$(MSBuildThisFileDirectory)VC140\cvt\cp1258">
      <Filter>源代码\VC140\cvt</Filter>
    </None>
    <None Include="$(MSBuildThisFileDirectory)VC140\cvt\cyrillic">
      <Filter>源代码\VC140\cvt</Filter>
    </None>
    <None Include="$(MSBuildThisFileDirectory)VC140\cvt\ebcdic">
      <Filter>源代码\VC140\cvt</Filter>
    </None>
    <None Include="$(MSBuildThisFileDirectory)VC140\cvt\euc">
      <Filter>源代码\VC140\cvt</Filter>
    </None>
    <None Include="$(MSBuildThisFileDirectory)VC140\cvt\euc_0208">
      <Filter>源代码\VC140\cvt</Filter>
    </None>
    <None Include="$(MSBuildThisFileDirectory)VC140\cvt\gb2312">
      <Filter>源代码\VC140\cvt</Filter>
    </None>
    <None Include="$(MSBuildThisFileDirectory)VC140\cvt\gb12345">
      <Filter>源代码\VC140\cvt</Filter>
    </None>
    <None Include="$(MSBuildThisFileDirectory)VC140\cvt\greek">
      <Filter>源代码\VC140\cvt</Filter>
    </None>
    <None Include="$(MSBuildThisFileDirectory)VC140\cvt\iceland">
      <Filter>源代码\VC140\cvt</Filter>
    </None>
    <None Include="$(MSBuildThisFileDirectory)VC140\cvt\jis">
      <Filter>源代码\VC140\cvt</Filter>
    </None>
    <None Include="$(MSBuildThisFileDirectory)VC140\cvt\jis_0208">
      <Filter>源代码\VC140\cvt</Filter>
    </None>
    <None Include="$(MSBuildThisFileDirectory)VC140\cvt\jis0201">
      <Filter>源代码\VC140\cvt</Filter>
    </None>
    <None Include="$(MSBuildThisFileDirectory)VC140\cvt\ksc5601">
      <Filter>源代码\VC140\cvt</Filter>
    </None>
    <None Include="$(MSBuildThisFileDirectory)VC140\cvt\latin2">
      <Filter>源代码\VC140\cvt</Filter>
    </None>
    <None Include="$(MSBuildThisFileDirectory)VC140\cvt\one_one">
      <Filter>源代码\VC140\cvt</Filter>
    </None>
    <None Include="$(MSBuildThisFileDirectory)VC140\cvt\roman">
      <Filter>源代码\VC140\cvt</Filter>
    </None>
    <None Include="$(MSBuildThisFileDirectory)VC140\cvt\sjis">
      <Filter>源代码\VC140\cvt</Filter>
    </None>
    <None Include="$(MSBuildThisFileDirectory)VC140\cvt\sjis_0208">
      <Filter>源代码\VC140\cvt</Filter>
    </None>
    <None Include="$(MSBuildThisFileDirectory)VC140\cvt\turkish">
      <Filter>源代码\VC140\cvt</Filter>
    </None>
    <None Include="$(MSBuildThisFileDirectory)VC140\cvt\utf8">
      <Filter>源代码\VC140\cvt</Filter>
    </None>
    <None Include="$(MSBuildThisFileDirectory)VC140\cvt\utf8_utf16">
      <Filter>源代码\VC140\cvt</Filter>
    </None>
    <None Include="$(MSBuildThisFileDirectory)VC140\cvt\utf16">
      <Filter>源代码\VC140\cvt</Filter>
    </None>
    <None Include="$(MSBuildThisFileDirectory)VC140\cvt\wbuffer">
      <Filter>源代码\VC140\cvt</Filter>
    </None>
    <None Include="$(MSBuildThisFileDirectory)VC140\cvt\wstring">
      <Filter>源代码\VC140\cvt</Filter>
    </None>
    <None Include="$(MSBuildThisFileDirectory)VC140\cvt\xjis">
      <Filter>源代码\VC140\cvt</Filter>
    </None>
    <None Include="$(MSBuildThisFileDirectory)VC140\cvt\xone_byte">
      <Filter>源代码\VC140\cvt</Filter>
    </None>
    <None Include="$(MSBuildThisFileDirectory)VC140\cvt\xtest">
      <Filter>源代码\VC140\cvt</Filter>
    </None>
    <None Include="$(MSBuildThisFileDirectory)VC140\cvt\xtwo_byte">
      <Filter>源代码\VC140\cvt</Filter>
    </None>
    <None Include="$(MSBuildThisFileDirectory)VC140\experimental\deque">
      <Filter>源代码\VC140\experimental</Filter>
    </None>
    <None Include="$(MSBuildThisFileDirectory)VC140\experimental\filesystem">
      <Filter>源代码\VC140\experimental</Filter>
    </None>
    <None Include="$(MSBuildThisFileDirectory)VC140\experimental\forward_list">
      <Filter>源代码\VC140\experimental</Filter>
    </None>
    <None Include="$(MSBuildThisFileDirectory)VC140\experimental\generator">
      <Filter>源代码\VC140\experimental</Filter>
    </None>
    <None Include="$(MSBuildThisFileDirectory)VC140\experimental\list">
      <Filter>源代码\VC140\experimental</Filter>
    </None>
    <None Include="$(MSBuildThisFileDirectory)VC140\experimental\map">
      <Filter>源代码\VC140\experimental</Filter>
    </None>
    <None Include="$(MSBuildThisFileDirectory)VC140\experimental\resumable">
      <Filter>源代码\VC140\experimental</Filter>
    </None>
    <None Include="$(MSBuildThisFileDirectory)VC140\experimental\set">
      <Filter>源代码\VC140\experimental</Filter>
    </None>
    <None Include="$(MSBuildThisFileDirectory)VC140\experimental\string">
      <Filter>源代码\VC140\experimental</Filter>
    </None>
    <None Include="$(MSBuildThisFileDirectory)VC140\experimental\unordered_map">
      <Filter>源代码\VC140\experimental</Filter>
    </None>
    <None Include="$(MSBuildThisFileDirectory)VC140\experimental\unordered_set">
      <Filter>源代码\VC140\experimental</Filter>
    </None>
    <None Include="$(MSBuildThisFileDirectory)VC140\experimental\vector">
      <Filter>源代码\VC140\experimental</Filter>
    </None>
    <None Include="$(MSBuildThisFileDirectory)VC140\experimental\xutility">
      <Filter>源代码\VC140\experimental</Filter>
    </None>
    <None Include="$(MSBuildThisFileDirectory)VC140\thr\xthread">
      <Filter>源代码\VC140\thr</Filter>
    </None>
    <None Include="$(MSBuildThisFileDirectory)VC140\thr\xtime">
      <Filter>源代码\VC140\thr</Filter>
    </None>
  </ItemGroup>
  <ItemGroup>
    <ClCompile Include="$(MSBuildThisFileDirectory)VC140\delayhlp.cpp">
      <Filter>源代码\VC140</Filter>
    </ClCompile>
    <ClCompile Include="$(MSBuildThisFileDirectory)_msvcrt.cpp">
      <Filter>源代码</Filter>
    </ClCompile>
  </ItemGroup>
  <ItemGroup>
    <Manifest Include="$(MSBuildThisFileDirectory)VC140\Manifest\dpiaware.manifest">
      <Filter>源代码\VC140\Manifest</Filter>
    </Manifest>
    <Manifest Include="$(MSBuildThisFileDirectory)VC140\Manifest\PerMonitorHighDPIAware.manifest">
      <Filter>源代码\VC140\Manifest</Filter>
    </Manifest>
  </ItemGroup>
  <ItemGroup>
    <Text Include="$(MSBuildThisFileDirectory)ReadMe.txt" />
  </ItemGroup>
  <ItemGroup>
    <Library Include="$(MSBuildThisFileDirectory)x86\msvcrt_140.lib">
      <Filter>Libx86</Filter>
    </Library>
    <Library Include="$(MSBuildThisFileDirectory)x86\msvcrt_vista.lib">
      <Filter>Libx86</Filter>
    </Library>
    <Library Include="$(MSBuildThisFileDirectory)x64\msvcrt_140.lib">
      <Filter>Libx64</Filter>
    </Library>
    <Library Include="$(MSBuildThisFileDirectory)x64\msvcrt_vista.lib">
      <Filter>Libx64</Filter>
    </Library>
  </ItemGroup>
</Project>