<?xml version="1.0" encoding="utf-8"?>
<Project ToolsVersion="4.0" xmlns="http://schemas.microsoft.com/developer/msbuild/2003">
  <ItemGroup>
    <ResourceCompile Include="NSudoDevilModeVersion.rc" />
  </ItemGroup>
  <ItemGroup>
    <ClCompile Include="NSudoDevilMode.cpp" />
    <ClCompile Include="Detours\creatwth.cpp">
      <Filter>Detours</Filter>
    </ClCompile>
    <ClCompile Include="Detours\detours.cpp">
      <Filter>Detours</Filter>
    </ClCompile>
    <ClCompile Include="Detours\disasm.cpp">
      <Filter>Detours</Filter>
    </ClCompile>
    <ClCompile Include="Detours\disolarm.cpp">
      <Filter>Detours</Filter>
    </ClCompile>
    <ClCompile Include="Detours\disolarm64.cpp">
      <Filter>Detours</Filter>
    </ClCompile>
    <ClCompile Include="Detours\disolia64.cpp">
      <Filter>Detours</Filter>
    </ClCompile>
    <ClCompile Include="Detours\disolx64.cpp">
      <Filter>Detours</Filter>
    </ClCompile>
    <ClCompile Include="Detours\disolx86.cpp">
      <Filter>Detours</Filter>
    </ClCompile>
    <ClCompile Include="Detours\image.cpp">
      <Filter>Detours</Filter>
    </ClCompile>
    <ClCompile Include="Detours\modules.cpp">
      <Filter>Detours</Filter>
    </ClCompile>
  </ItemGroup>
  <ItemGroup>
    <Filter Include="Detours">
      <UniqueIdentifier>{802124d1-ad20-47fe-a90a-a9b24fd36071}</UniqueIdentifier>
    </Filter>
    <Filter Include="MINT">
      <UniqueIdentifier>{d0a476f7-2375-4d12-830b-653059102778}</UniqueIdentifier>
    </Filter>
  </ItemGroup>
  <ItemGroup>
    <ClInclude Include="Detours\detours.h">
      <Filter>Detours</Filter>
    </ClInclude>
    <ClInclude Include="Detours\detver.h">
      <Filter>Detours</Filter>
    </ClInclude>
    <ClInclude Include="Detours\uimports.h">
      <Filter>Detours</Filter>
    </ClInclude>
    <ClInclude Include="MINT.h">
      <Filter>MINT</Filter>
    </ClInclude>
  </ItemGroup>
</Project>