
Microsoft Visual Studio Solution File, Format Version 12.00
# Visual Studio Version 16
VisualStudioVersion = 16.0.30804.86
MinimumVisualStudioVersion = 10.0.40219.1
Project("{9A19103F-16F7-4668-BE54-9A1E7A4F7556}") = "M2.NSudo", "M2.NSudo\M2.NSudo.csproj", "{38947780-5D8E-4991-BBFD-F588F7BADC14}"
EndProject
Project("{9A19103F-16F7-4668-BE54-9A1E7A4F7556}") = "M2.NSudo.Demo", "M2.NSudo.Demo\M2.NSudo.Demo.csproj", "{69F65B19-2ABA-47AA-A6FA-CB3B83FCCE46}"
EndProject
Global
	GlobalSection(SolutionConfigurationPlatforms) = preSolution
		Debug|Any CPU = Debug|Any CPU
		Release|Any CPU = Release|Any CPU
	EndGlobalSection
	GlobalSection(ProjectConfigurationPlatforms) = postSolution
		{38947780-5D8E-4991-BBFD-F588F7BADC14}.Debug|Any CPU.ActiveCfg = Debug|Any CPU
		{38947780-5D8E-4991-BBFD-F588F7BADC14}.Debug|Any CPU.Build.0 = Debug|Any CPU
		{38947780-5D8E-4991-BBFD-F588F7BADC14}.Release|Any CPU.ActiveCfg = Release|Any CPU
		{38947780-5D8E-4991-BBFD-F588F7BADC14}.Release|Any CPU.Build.0 = Release|Any CPU
		{69F65B19-2ABA-47AA-A6FA-CB3B83FCCE46}.Debug|Any CPU.ActiveCfg = Debug|Any CPU
		{69F65B19-2ABA-47AA-A6FA-CB3B83FCCE46}.Debug|Any CPU.Build.0 = Debug|Any CPU
		{69F65B19-2ABA-47AA-A6FA-CB3B83FCCE46}.Release|Any CPU.ActiveCfg = Release|Any CPU
		{69F65B19-2ABA-47AA-A6FA-CB3B83FCCE46}.Release|Any CPU.Build.0 = Release|Any CPU
	EndGlobalSection
	GlobalSection(SolutionProperties) = preSolution
		HideSolutionNode = FALSE
	EndGlobalSection
	GlobalSection(ExtensibilityGlobals) = postSolution
		SolutionGuid = {8D96803C-6DBB-44C8-B876-FF7AC89E6F7F}
	EndGlobalSection
EndGlobal
