<?xml version="1.0" encoding="utf-8"?>
<Project ToolsVersion="4.0" xmlns="http://schemas.microsoft.com/developer/msbuild/2003">
  <ItemGroup>
    <ClCompile Include="NSudoSweeper.cpp" />
  </ItemGroup>
  <ItemGroup>
    <Filter Include="NSudoSweeperVersion">
      <UniqueIdentifier>{8a555299-2c92-4e4f-add5-10618b14c441}</UniqueIdentifier>
    </Filter>
    <Filter Include="NSudoSweeperManifest">
      <UniqueIdentifier>{e6d8583e-39d1-4b6e-9f79-953b7b6c37af}</UniqueIdentifier>
    </Filter>
    <Filter Include="WTL">
      <UniqueIdentifier>{8fcbfeb0-61b4-4267-801a-23f79e78f6c3}</UniqueIdentifier>
    </Filter>
  </ItemGroup>
  <ItemGroup>
    <ResourceCompile Include="NSudoSweeperManifest.rc">
      <Filter>NSudoSweeperManifest</Filter>
    </ResourceCompile>
    <ResourceCompile Include="NSudoSweeperVersion.rc">
      <Filter>NSudoSweeperVersion</Filter>
    </ResourceCompile>
  </ItemGroup>
  <ItemGroup>
    <Manifest Include="NSudoSweeperManifest.manifest">
      <Filter>NSudoSweeperManifest</Filter>
    </Manifest>
  </ItemGroup>
  <ItemGroup>
    <ClInclude Include="NSudoSweeperVersion.h">
      <Filter>NSudoSweeperVersion</Filter>
    </ClInclude>
    <ClInclude Include="WTL\atlapp.h">
      <Filter>WTL</Filter>
    </ClInclude>
    <ClInclude Include="WTL\atlcrack.h">
      <Filter>WTL</Filter>
    </ClInclude>
    <ClInclude Include="WTL\atlctrls.h">
      <Filter>WTL</Filter>
    </ClInclude>
    <ClInclude Include="WTL\atlctrlw.h">
      <Filter>WTL</Filter>
    </ClInclude>
    <ClInclude Include="WTL\atlctrlx.h">
      <Filter>WTL</Filter>
    </ClInclude>
    <ClInclude Include="WTL\atlddx.h">
      <Filter>WTL</Filter>
    </ClInclude>
    <ClInclude Include="WTL\atldlgs.h">
      <Filter>WTL</Filter>
    </ClInclude>
    <ClInclude Include="WTL\atldwm.h">
      <Filter>WTL</Filter>
    </ClInclude>
    <ClInclude Include="WTL\atlfind.h">
      <Filter>WTL</Filter>
    </ClInclude>
    <ClInclude Include="WTL\atlframe.h">
      <Filter>WTL</Filter>
    </ClInclude>
    <ClInclude Include="WTL\atlgdi.h">
      <Filter>WTL</Filter>
    </ClInclude>
    <ClInclude Include="WTL\atlmisc.h">
      <Filter>WTL</Filter>
    </ClInclude>
    <ClInclude Include="WTL\atlprint.h">
      <Filter>WTL</Filter>
    </ClInclude>
    <ClInclude Include="WTL\atlres.h">
      <Filter>WTL</Filter>
    </ClInclude>
    <ClInclude Include="WTL\atlribbon.h">
      <Filter>WTL</Filter>
    </ClInclude>
    <ClInclude Include="WTL\atlscrl.h">
      <Filter>WTL</Filter>
    </ClInclude>
    <ClInclude Include="WTL\atlsplit.h">
      <Filter>WTL</Filter>
    </ClInclude>
    <ClInclude Include="WTL\atltheme.h">
      <Filter>WTL</Filter>
    </ClInclude>
    <ClInclude Include="WTL\atluser.h">
      <Filter>WTL</Filter>
    </ClInclude>
    <ClInclude Include="WTL\atlwinx.h">
      <Filter>WTL</Filter>
    </ClInclude>
  </ItemGroup>
  <ItemGroup>
    <None Include="packages.config" />
  </ItemGroup>
</Project>